// !$*UTF8*$!
{
	archiveVersion = 1;
	classes = {
	};
	objectVersion = 46;
	objects = {

/* Begin PBXBuildFile section */
		40FE3541136DD0560029BBB6 /* QuartzCore.framework in Frameworks */ = {isa = PBXBuildFile; fileRef = 40FE3540136DD0560029BBB6 /* QuartzCore.framework */; };
		40FE3543136DD0560029BBB6 /* OpenGLES.framework in Frameworks */ = {isa = PBXBuildFile; fileRef = 40FE3542136DD0560029BBB6 /* OpenGLES.framework */; };
		40FE3545136DD0560029BBB6 /* OpenAL.framework in Frameworks */ = {isa = PBXBuildFile; fileRef = 40FE3544136DD0560029BBB6 /* OpenAL.framework */; };
		40FE3547136DD0560029BBB6 /* AudioToolbox.framework in Frameworks */ = {isa = PBXBuildFile; fileRef = 40FE3546136DD0560029BBB6 /* AudioToolbox.framework */; };
		40FE3549136DD0560029BBB6 /* AVFoundation.framework in Frameworks */ = {isa = PBXBuildFile; fileRef = 40FE3548136DD0560029BBB6 /* AVFoundation.framework */; };
		40FE354B136DD0560029BBB6 /* UIKit.framework in Frameworks */ = {isa = PBXBuildFile; fileRef = 40FE354A136DD0560029BBB6 /* UIKit.framework */; };
		40FE354D136DD0560029BBB6 /* Foundation.framework in Frameworks */ = {isa = PBXBuildFile; fileRef = 40FE354C136DD0560029BBB6 /* Foundation.framework */; };
		40FE354F136DD0560029BBB6 /* CoreGraphics.framework in Frameworks */ = {isa = PBXBuildFile; fileRef = 40FE354E136DD0560029BBB6 /* CoreGraphics.framework */; };
		40FE3553136DD0560029BBB6 /* Default.png in Resources */ = {isa = PBXBuildFile; fileRef = 40FE3552136DD0560029BBB6 /* Default.png */; };
		40FE3555136DD0560029BBB6 /* fps_images.png in Resources */ = {isa = PBXBuildFile; fileRef = 40FE3554136DD0560029BBB6 /* fps_images.png */; };
		40FE3557136DD0560029BBB6 /* Icon-72.png in Resources */ = {isa = PBXBuildFile; fileRef = 40FE3556136DD0560029BBB6 /* Icon-72.png */; };
		40FE3559136DD0560029BBB6 /* Icon-Small-50.png in Resources */ = {isa = PBXBuildFile; fileRef = 40FE3558136DD0560029BBB6 /* Icon-Small-50.png */; };
		40FE355B136DD0560029BBB6 /* Icon-Small.png in Resources */ = {isa = PBXBuildFile; fileRef = 40FE355A136DD0560029BBB6 /* Icon-Small.png */; };
		40FE355D136DD0560029BBB6 /* Icon-Small@2x.png in Resources */ = {isa = PBXBuildFile; fileRef = 40FE355C136DD0560029BBB6 /* Icon-Small@2x.png */; };
		40FE355F136DD0560029BBB6 /* Icon.png in Resources */ = {isa = PBXBuildFile; fileRef = 40FE355E136DD0560029BBB6 /* Icon.png */; };
		40FE3561136DD0560029BBB6 /* Icon@2x.png in Resources */ = {isa = PBXBuildFile; fileRef = 40FE3560136DD0560029BBB6 /* Icon@2x.png */; };
		40FE3564136DD0560029BBB6 /* iTunesArtwork in Resources */ = {isa = PBXBuildFile; fileRef = 40FE3563136DD0560029BBB6 /* iTunesArtwork */; };
		40FE3568136DD0560029BBB6 /* CCAction.m in Sources */ = {isa = PBXBuildFile; fileRef = 40FE3567136DD0560029BBB6 /* CCAction.m */; };
		40FE356B136DD0560029BBB6 /* CCActionCamera.m in Sources */ = {isa = PBXBuildFile; fileRef = 40FE356A136DD0560029BBB6 /* CCActionCamera.m */; };
		40FE356E136DD0560029BBB6 /* CCActionEase.m in Sources */ = {isa = PBXBuildFile; fileRef = 40FE356D136DD0560029BBB6 /* CCActionEase.m */; };
		40FE3571136DD0560029BBB6 /* CCActionGrid.m in Sources */ = {isa = PBXBuildFile; fileRef = 40FE3570136DD0560029BBB6 /* CCActionGrid.m */; };
		40FE3574136DD0560029BBB6 /* CCActionGrid3D.m in Sources */ = {isa = PBXBuildFile; fileRef = 40FE3573136DD0560029BBB6 /* CCActionGrid3D.m */; };
		40FE3577136DD0560029BBB6 /* CCActionInstant.m in Sources */ = {isa = PBXBuildFile; fileRef = 40FE3576136DD0560029BBB6 /* CCActionInstant.m */; };
		40FE357A136DD0570029BBB6 /* CCActionInterval.m in Sources */ = {isa = PBXBuildFile; fileRef = 40FE3579136DD0570029BBB6 /* CCActionInterval.m */; };
		40FE357D136DD0570029BBB6 /* CCActionManager.m in Sources */ = {isa = PBXBuildFile; fileRef = 40FE357C136DD0570029BBB6 /* CCActionManager.m */; };
		40FE3580136DD0570029BBB6 /* CCActionPageTurn3D.m in Sources */ = {isa = PBXBuildFile; fileRef = 40FE357F136DD0570029BBB6 /* CCActionPageTurn3D.m */; };
		40FE3583136DD0570029BBB6 /* CCActionProgressTimer.m in Sources */ = {isa = PBXBuildFile; fileRef = 40FE3582136DD0570029BBB6 /* CCActionProgressTimer.m */; };
		40FE3586136DD0570029BBB6 /* CCActionTiledGrid.m in Sources */ = {isa = PBXBuildFile; fileRef = 40FE3585136DD0570029BBB6 /* CCActionTiledGrid.m */; };
		40FE3589136DD0570029BBB6 /* CCActionTween.m in Sources */ = {isa = PBXBuildFile; fileRef = 40FE3588136DD0570029BBB6 /* CCActionTween.m */; };
		40FE358C136DD0570029BBB6 /* CCAnimation.m in Sources */ = {isa = PBXBuildFile; fileRef = 40FE358B136DD0570029BBB6 /* CCAnimation.m */; };
		40FE358F136DD0570029BBB6 /* CCAnimationCache.m in Sources */ = {isa = PBXBuildFile; fileRef = 40FE358E136DD0570029BBB6 /* CCAnimationCache.m */; };
		40FE3592136DD0570029BBB6 /* CCAtlasNode.m in Sources */ = {isa = PBXBuildFile; fileRef = 40FE3591136DD0570029BBB6 /* CCAtlasNode.m */; };
		40FE3595136DD0570029BBB6 /* CCBlockSupport.m in Sources */ = {isa = PBXBuildFile; fileRef = 40FE3594136DD0570029BBB6 /* CCBlockSupport.m */; };
		40FE3598136DD0570029BBB6 /* CCCamera.m in Sources */ = {isa = PBXBuildFile; fileRef = 40FE3597136DD0570029BBB6 /* CCCamera.m */; };
		40FE359C136DD0570029BBB6 /* CCConfiguration.m in Sources */ = {isa = PBXBuildFile; fileRef = 40FE359B136DD0570029BBB6 /* CCConfiguration.m */; };
		40FE359F136DD0570029BBB6 /* CCDirector.m in Sources */ = {isa = PBXBuildFile; fileRef = 40FE359E136DD0570029BBB6 /* CCDirector.m */; };
		40FE35A2136DD0570029BBB6 /* CCDrawingPrimitives.m in Sources */ = {isa = PBXBuildFile; fileRef = 40FE35A1136DD0570029BBB6 /* CCDrawingPrimitives.m */; };
		40FE35A5136DD0570029BBB6 /* CCGrabber.m in Sources */ = {isa = PBXBuildFile; fileRef = 40FE35A4136DD0570029BBB6 /* CCGrabber.m */; };
		40FE35A8136DD0570029BBB6 /* CCGrid.m in Sources */ = {isa = PBXBuildFile; fileRef = 40FE35A7136DD0570029BBB6 /* CCGrid.m */; };
		40FE35AB136DD0570029BBB6 /* CCLabelAtlas.m in Sources */ = {isa = PBXBuildFile; fileRef = 40FE35AA136DD0570029BBB6 /* CCLabelAtlas.m */; };
		40FE35AE136DD0570029BBB6 /* CCLabelBMFont.m in Sources */ = {isa = PBXBuildFile; fileRef = 40FE35AD136DD0570029BBB6 /* CCLabelBMFont.m */; };
		40FE35B1136DD0570029BBB6 /* CCLabelTTF.m in Sources */ = {isa = PBXBuildFile; fileRef = 40FE35B0136DD0570029BBB6 /* CCLabelTTF.m */; };
		40FE35B4136DD0570029BBB6 /* CCLayer.m in Sources */ = {isa = PBXBuildFile; fileRef = 40FE35B3136DD0570029BBB6 /* CCLayer.m */; };
		40FE35B8136DD0570029BBB6 /* CCMenu.m in Sources */ = {isa = PBXBuildFile; fileRef = 40FE35B7136DD0570029BBB6 /* CCMenu.m */; };
		40FE35BB136DD0570029BBB6 /* CCMenuItem.m in Sources */ = {isa = PBXBuildFile; fileRef = 40FE35BA136DD0570029BBB6 /* CCMenuItem.m */; };
		40FE35BE136DD0570029BBB6 /* CCMotionStreak.m in Sources */ = {isa = PBXBuildFile; fileRef = 40FE35BD136DD0570029BBB6 /* CCMotionStreak.m */; };
		40FE35C1136DD0570029BBB6 /* CCNode.m in Sources */ = {isa = PBXBuildFile; fileRef = 40FE35C0136DD0570029BBB6 /* CCNode.m */; };
		40FE35C4136DD0570029BBB6 /* CCParallaxNode.m in Sources */ = {isa = PBXBuildFile; fileRef = 40FE35C3136DD0570029BBB6 /* CCParallaxNode.m */; };
		40FE35C7136DD0570029BBB6 /* CCParticleExamples.m in Sources */ = {isa = PBXBuildFile; fileRef = 40FE35C6136DD0570029BBB6 /* CCParticleExamples.m */; };
		40FE35CA136DD0570029BBB6 /* CCParticleSystem.m in Sources */ = {isa = PBXBuildFile; fileRef = 40FE35C9136DD0570029BBB6 /* CCParticleSystem.m */; };
		40FE35CD136DD0570029BBB6 /* CCParticleSystemPoint.m in Sources */ = {isa = PBXBuildFile; fileRef = 40FE35CC136DD0570029BBB6 /* CCParticleSystemPoint.m */; };
		40FE35D0136DD0570029BBB6 /* CCParticleSystemQuad.m in Sources */ = {isa = PBXBuildFile; fileRef = 40FE35CF136DD0570029BBB6 /* CCParticleSystemQuad.m */; };
		40FE35D3136DD0570029BBB6 /* CCProgressTimer.m in Sources */ = {isa = PBXBuildFile; fileRef = 40FE35D2136DD0570029BBB6 /* CCProgressTimer.m */; };
		40FE35D7136DD0570029BBB6 /* CCRenderTexture.m in Sources */ = {isa = PBXBuildFile; fileRef = 40FE35D6136DD0570029BBB6 /* CCRenderTexture.m */; };
		40FE35DA136DD0570029BBB6 /* CCRibbon.m in Sources */ = {isa = PBXBuildFile; fileRef = 40FE35D9136DD0570029BBB6 /* CCRibbon.m */; };
		40FE35DD136DD0570029BBB6 /* CCScene.m in Sources */ = {isa = PBXBuildFile; fileRef = 40FE35DC136DD0570029BBB6 /* CCScene.m */; };
		40FE35E0136DD0570029BBB6 /* CCScheduler.m in Sources */ = {isa = PBXBuildFile; fileRef = 40FE35DF136DD0570029BBB6 /* CCScheduler.m */; };
		40FE35E3136DD0570029BBB6 /* CCSprite.m in Sources */ = {isa = PBXBuildFile; fileRef = 40FE35E2136DD0570029BBB6 /* CCSprite.m */; };
		40FE35E6136DD0570029BBB6 /* CCSpriteBatchNode.m in Sources */ = {isa = PBXBuildFile; fileRef = 40FE35E5136DD0570029BBB6 /* CCSpriteBatchNode.m */; };
		40FE35E9136DD0570029BBB6 /* CCSpriteFrame.m in Sources */ = {isa = PBXBuildFile; fileRef = 40FE35E8136DD0570029BBB6 /* CCSpriteFrame.m */; };
		40FE35EC136DD0570029BBB6 /* CCSpriteFrameCache.m in Sources */ = {isa = PBXBuildFile; fileRef = 40FE35EB136DD0570029BBB6 /* CCSpriteFrameCache.m */; };
		40FE35EF136DD0570029BBB6 /* CCTexture2D.m in Sources */ = {isa = PBXBuildFile; fileRef = 40FE35EE136DD0570029BBB6 /* CCTexture2D.m */; };
		40FE35F2136DD0570029BBB6 /* CCTextureAtlas.m in Sources */ = {isa = PBXBuildFile; fileRef = 40FE35F1136DD0570029BBB6 /* CCTextureAtlas.m */; };
		40FE35F5136DD0570029BBB6 /* CCTextureCache.m in Sources */ = {isa = PBXBuildFile; fileRef = 40FE35F4136DD0570029BBB6 /* CCTextureCache.m */; };
		40FE35F8136DD0580029BBB6 /* CCTexturePVR.m in Sources */ = {isa = PBXBuildFile; fileRef = 40FE35F7136DD0580029BBB6 /* CCTexturePVR.m */; };
		40FE35FB136DD0580029BBB6 /* CCTileMapAtlas.m in Sources */ = {isa = PBXBuildFile; fileRef = 40FE35FA136DD0580029BBB6 /* CCTileMapAtlas.m */; };
		40FE35FE136DD0580029BBB6 /* CCTMXLayer.m in Sources */ = {isa = PBXBuildFile; fileRef = 40FE35FD136DD0580029BBB6 /* CCTMXLayer.m */; };
		40FE3601136DD0580029BBB6 /* CCTMXObjectGroup.m in Sources */ = {isa = PBXBuildFile; fileRef = 40FE3600136DD0580029BBB6 /* CCTMXObjectGroup.m */; };
		40FE3604136DD0580029BBB6 /* CCTMXTiledMap.m in Sources */ = {isa = PBXBuildFile; fileRef = 40FE3603136DD0580029BBB6 /* CCTMXTiledMap.m */; };
		40FE3607136DD0580029BBB6 /* CCTMXXMLParser.m in Sources */ = {isa = PBXBuildFile; fileRef = 40FE3606136DD0580029BBB6 /* CCTMXXMLParser.m */; };
		40FE360A136DD0580029BBB6 /* CCTransition.m in Sources */ = {isa = PBXBuildFile; fileRef = 40FE3609136DD0580029BBB6 /* CCTransition.m */; };
		40FE360D136DD0580029BBB6 /* CCTransitionPageTurn.m in Sources */ = {isa = PBXBuildFile; fileRef = 40FE360C136DD0580029BBB6 /* CCTransitionPageTurn.m */; };
		40FE3610136DD0580029BBB6 /* CCTransitionRadial.m in Sources */ = {isa = PBXBuildFile; fileRef = 40FE360F136DD0580029BBB6 /* CCTransitionRadial.m */; };
		40FE3614136DD0580029BBB6 /* cocos2d.m in Sources */ = {isa = PBXBuildFile; fileRef = 40FE3613136DD0580029BBB6 /* cocos2d.m */; };
		40FE3619136DD0580029BBB6 /* CCDirectorIOS.m in Sources */ = {isa = PBXBuildFile; fileRef = 40FE3618136DD0580029BBB6 /* CCDirectorIOS.m */; };
		40FE361D136DD0580029BBB6 /* CCTouchDispatcher.m in Sources */ = {isa = PBXBuildFile; fileRef = 40FE361C136DD0580029BBB6 /* CCTouchDispatcher.m */; };
		40FE3620136DD0580029BBB6 /* CCTouchHandler.m in Sources */ = {isa = PBXBuildFile; fileRef = 40FE361F136DD0580029BBB6 /* CCTouchHandler.m */; };
		40FE3623136DD0580029BBB6 /* EAGLView.m in Sources */ = {isa = PBXBuildFile; fileRef = 40FE3622136DD0580029BBB6 /* EAGLView.m */; };
		40FE3626136DD0580029BBB6 /* ES1Renderer.m in Sources */ = {isa = PBXBuildFile; fileRef = 40FE3625136DD0580029BBB6 /* ES1Renderer.m */; };
		40FE3629136DD0580029BBB6 /* glu.c in Sources */ = {isa = PBXBuildFile; fileRef = 40FE3628136DD0580029BBB6 /* glu.c */; };
		40FE362D136DD0580029BBB6 /* CCDirectorMac.m in Sources */ = {isa = PBXBuildFile; fileRef = 40FE362C136DD0580029BBB6 /* CCDirectorMac.m */; };
		40FE3630136DD0580029BBB6 /* CCEventDispatcher.m in Sources */ = {isa = PBXBuildFile; fileRef = 40FE362F136DD0580029BBB6 /* CCEventDispatcher.m */; };
		40FE3633136DD0580029BBB6 /* MacGLView.m in Sources */ = {isa = PBXBuildFile; fileRef = 40FE3632136DD0580029BBB6 /* MacGLView.m */; };
		40FE3636136DD0580029BBB6 /* MacWindow.m in Sources */ = {isa = PBXBuildFile; fileRef = 40FE3635136DD0580029BBB6 /* MacWindow.m */; };
		40FE3638136DD0580029BBB6 /* base64.c in Sources */ = {isa = PBXBuildFile; fileRef = 40FE3637136DD0580029BBB6 /* base64.c */; };
		40FE363C136DD0580029BBB6 /* CCArray.m in Sources */ = {isa = PBXBuildFile; fileRef = 40FE363B136DD0580029BBB6 /* CCArray.m */; };
		40FE3640136DD0580029BBB6 /* CCFileUtils.m in Sources */ = {isa = PBXBuildFile; fileRef = 40FE363F136DD0580029BBB6 /* CCFileUtils.m */; };
		40FE3643136DD0580029BBB6 /* CCProfiling.m in Sources */ = {isa = PBXBuildFile; fileRef = 40FE3642136DD0580029BBB6 /* CCProfiling.m */; };
		40FE3645136DD0580029BBB6 /* ccUtils.c in Sources */ = {isa = PBXBuildFile; fileRef = 40FE3644136DD0580029BBB6 /* ccUtils.c */; };
		40FE3649136DD0580029BBB6 /* CGPointExtension.m in Sources */ = {isa = PBXBuildFile; fileRef = 40FE3648136DD0580029BBB6 /* CGPointExtension.m */; };
		40FE364D136DD0580029BBB6 /* TGAlib.m in Sources */ = {isa = PBXBuildFile; fileRef = 40FE364C136DD0580029BBB6 /* TGAlib.m */; };
		40FE3650136DD0580029BBB6 /* TransformUtils.m in Sources */ = {isa = PBXBuildFile; fileRef = 40FE364F136DD0580029BBB6 /* TransformUtils.m */; };
		40FE3655136DD0580029BBB6 /* ZipUtils.m in Sources */ = {isa = PBXBuildFile; fileRef = 40FE3654136DD0580029BBB6 /* ZipUtils.m */; };
		40FE365A136DD0580029BBB6 /* CDAudioManager.m in Sources */ = {isa = PBXBuildFile; fileRef = 40FE3659136DD0580029BBB6 /* CDAudioManager.m */; };
		40FE365E136DD0580029BBB6 /* CDOpenALSupport.m in Sources */ = {isa = PBXBuildFile; fileRef = 40FE365D136DD0580029BBB6 /* CDOpenALSupport.m */; };
		40FE3661136DD0580029BBB6 /* CocosDenshion.m in Sources */ = {isa = PBXBuildFile; fileRef = 40FE3660136DD0580029BBB6 /* CocosDenshion.m */; };
		40FE3664136DD0580029BBB6 /* SimpleAudioEngine.m in Sources */ = {isa = PBXBuildFile; fileRef = 40FE3663136DD0580029BBB6 /* SimpleAudioEngine.m */; };
		40FE3669136DD0580029BBB6 /* CLScoreServerPost.m in Sources */ = {isa = PBXBuildFile; fileRef = 40FE3668136DD0580029BBB6 /* CLScoreServerPost.m */; };
		40FE366C136DD0580029BBB6 /* CLScoreServerRequest.m in Sources */ = {isa = PBXBuildFile; fileRef = 40FE366B136DD0580029BBB6 /* CLScoreServerRequest.m */; };
		40FE366F136DD0580029BBB6 /* cocoslive.m in Sources */ = {isa = PBXBuildFile; fileRef = 40FE366E136DD0580029BBB6 /* cocoslive.m */; };
		40FE3674136DD0580029BBB6 /* CDataScanner.m in Sources */ = {isa = PBXBuildFile; fileRef = 40FE3673136DD0580029BBB6 /* CDataScanner.m */; };
		40FE3677136DD0580029BBB6 /* CDataScanner_Extensions.m in Sources */ = {isa = PBXBuildFile; fileRef = 40FE3676136DD0580029BBB6 /* CDataScanner_Extensions.m */; };
		40FE367A136DD0580029BBB6 /* NSDictionary_JSONExtensions.m in Sources */ = {isa = PBXBuildFile; fileRef = 40FE3679136DD0580029BBB6 /* NSDictionary_JSONExtensions.m */; };
		40FE367D136DD0580029BBB6 /* CJSONDeserializer.m in Sources */ = {isa = PBXBuildFile; fileRef = 40FE367C136DD0580029BBB6 /* CJSONDeserializer.m */; };
		40FE3680136DD0590029BBB6 /* CJSONScanner.m in Sources */ = {isa = PBXBuildFile; fileRef = 40FE367F136DD0590029BBB6 /* CJSONScanner.m */; };
		40FE3683136DD0590029BBB6 /* CJSONSerializer.m in Sources */ = {isa = PBXBuildFile; fileRef = 40FE3682136DD0590029BBB6 /* CJSONSerializer.m */; };
		40FE3688136DD0590029BBB6 /* FontLabel.m in Sources */ = {isa = PBXBuildFile; fileRef = 40FE3687136DD0590029BBB6 /* FontLabel.m */; };
		40FE368B136DD0590029BBB6 /* FontLabelStringDrawing.m in Sources */ = {isa = PBXBuildFile; fileRef = 40FE368A136DD0590029BBB6 /* FontLabelStringDrawing.m */; };
		40FE368E136DD0590029BBB6 /* FontManager.m in Sources */ = {isa = PBXBuildFile; fileRef = 40FE368D136DD0590029BBB6 /* FontManager.m */; };
		40FE3691136DD0590029BBB6 /* ZAttributedString.m in Sources */ = {isa = PBXBuildFile; fileRef = 40FE3690136DD0590029BBB6 /* ZAttributedString.m */; };
		40FE3695136DD0590029BBB6 /* ZFont.m in Sources */ = {isa = PBXBuildFile; fileRef = 40FE3694136DD0590029BBB6 /* ZFont.m */; };
		40FE369A136DD0590029BBB6 /* main.m in Sources */ = {isa = PBXBuildFile; fileRef = 40FE3699136DD0590029BBB6 /* main.m */; };
		40FE369D136DD0590029BBB6 /* AppDelegate.m in Sources */ = {isa = PBXBuildFile; fileRef = 40FE369C136DD0590029BBB6 /* AppDelegate.m */; };
		40FE36A0136DD0590029BBB6 /* RootViewController.m in Sources */ = {isa = PBXBuildFile; fileRef = 40FE369F136DD0590029BBB6 /* RootViewController.m */; };
		40FE36A3136DD0590029BBB6 /* HelloWorldLayer.m in Sources */ = {isa = PBXBuildFile; fileRef = 40FE36A2136DD0590029BBB6 /* HelloWorldLayer.m */; };
/* End PBXBuildFile section */

/* Begin PBXFileReference section */
		40FE353C136DD0560029BBB6 /* LD20.app */ = {isa = PBXFileReference; explicitFileType = wrapper.application; includeInIndex = 0; path = LD20.app; sourceTree = BUILT_PRODUCTS_DIR; };
		40FE3540136DD0560029BBB6 /* QuartzCore.framework */ = {isa = PBXFileReference; lastKnownFileType = wrapper.framework; name = QuartzCore.framework; path = System/Library/Frameworks/QuartzCore.framework; sourceTree = SDKROOT; };
		40FE3542136DD0560029BBB6 /* OpenGLES.framework */ = {isa = PBXFileReference; lastKnownFileType = wrapper.framework; name = OpenGLES.framework; path = System/Library/Frameworks/OpenGLES.framework; sourceTree = SDKROOT; };
		40FE3544136DD0560029BBB6 /* OpenAL.framework */ = {isa = PBXFileReference; lastKnownFileType = wrapper.framework; name = OpenAL.framework; path = System/Library/Frameworks/OpenAL.framework; sourceTree = SDKROOT; };
		40FE3546136DD0560029BBB6 /* AudioToolbox.framework */ = {isa = PBXFileReference; lastKnownFileType = wrapper.framework; name = AudioToolbox.framework; path = System/Library/Frameworks/AudioToolbox.framework; sourceTree = SDKROOT; };
		40FE3548136DD0560029BBB6 /* AVFoundation.framework */ = {isa = PBXFileReference; lastKnownFileType = wrapper.framework; name = AVFoundation.framework; path = System/Library/Frameworks/AVFoundation.framework; sourceTree = SDKROOT; };
		40FE354A136DD0560029BBB6 /* UIKit.framework */ = {isa = PBXFileReference; lastKnownFileType = wrapper.framework; name = UIKit.framework; path = System/Library/Frameworks/UIKit.framework; sourceTree = SDKROOT; };
		40FE354C136DD0560029BBB6 /* Foundation.framework */ = {isa = PBXFileReference; lastKnownFileType = wrapper.framework; name = Foundation.framework; path = System/Library/Frameworks/Foundation.framework; sourceTree = SDKROOT; };
		40FE354E136DD0560029BBB6 /* CoreGraphics.framework */ = {isa = PBXFileReference; lastKnownFileType = wrapper.framework; name = CoreGraphics.framework; path = System/Library/Frameworks/CoreGraphics.framework; sourceTree = SDKROOT; };
		40FE3552136DD0560029BBB6 /* Default.png */ = {isa = PBXFileReference; lastKnownFileType = image.png; name = Default.png; path = Resources/Default.png; sourceTree = "<group>"; };
		40FE3554136DD0560029BBB6 /* fps_images.png */ = {isa = PBXFileReference; lastKnownFileType = image.png; name = fps_images.png; path = Resources/fps_images.png; sourceTree = "<group>"; };
		40FE3556136DD0560029BBB6 /* Icon-72.png */ = {isa = PBXFileReference; lastKnownFileType = image.png; name = "Icon-72.png"; path = "Resources/Icon-72.png"; sourceTree = "<group>"; };
		40FE3558136DD0560029BBB6 /* Icon-Small-50.png */ = {isa = PBXFileReference; lastKnownFileType = image.png; name = "Icon-Small-50.png"; path = "Resources/Icon-Small-50.png"; sourceTree = "<group>"; };
		40FE355A136DD0560029BBB6 /* Icon-Small.png */ = {isa = PBXFileReference; lastKnownFileType = image.png; name = "Icon-Small.png"; path = "Resources/Icon-Small.png"; sourceTree = "<group>"; };
		40FE355C136DD0560029BBB6 /* Icon-Small@2x.png */ = {isa = PBXFileReference; lastKnownFileType = image.png; name = "Icon-Small@2x.png"; path = "Resources/Icon-Small@2x.png"; sourceTree = "<group>"; };
		40FE355E136DD0560029BBB6 /* Icon.png */ = {isa = PBXFileReference; lastKnownFileType = image.png; name = Icon.png; path = Resources/Icon.png; sourceTree = "<group>"; };
		40FE3560136DD0560029BBB6 /* Icon@2x.png */ = {isa = PBXFileReference; lastKnownFileType = image.png; name = "Icon@2x.png"; path = "Resources/Icon@2x.png"; sourceTree = "<group>"; };
		40FE3562136DD0560029BBB6 /* Info.plist */ = {isa = PBXFileReference; name = Info.plist; path = Resources/Info.plist; sourceTree = "<group>"; };
		40FE3563136DD0560029BBB6 /* iTunesArtwork */ = {isa = PBXFileReference; lastKnownFileType = file; name = iTunesArtwork; path = Resources/iTunesArtwork; sourceTree = "<group>"; };
		40FE3566136DD0560029BBB6 /* CCAction.h */ = {isa = PBXFileReference; name = CCAction.h; path = libs/cocos2d/CCAction.h; sourceTree = "<group>"; };
		40FE3567136DD0560029BBB6 /* CCAction.m */ = {isa = PBXFileReference; lastKnownFileType = sourcecode.c.objc; name = CCAction.m; path = libs/cocos2d/CCAction.m; sourceTree = "<group>"; };
		40FE3569136DD0560029BBB6 /* CCActionCamera.h */ = {isa = PBXFileReference; name = CCActionCamera.h; path = libs/cocos2d/CCActionCamera.h; sourceTree = "<group>"; };
		40FE356A136DD0560029BBB6 /* CCActionCamera.m */ = {isa = PBXFileReference; lastKnownFileType = sourcecode.c.objc; name = CCActionCamera.m; path = libs/cocos2d/CCActionCamera.m; sourceTree = "<group>"; };
		40FE356C136DD0560029BBB6 /* CCActionEase.h */ = {isa = PBXFileReference; name = CCActionEase.h; path = libs/cocos2d/CCActionEase.h; sourceTree = "<group>"; };
		40FE356D136DD0560029BBB6 /* CCActionEase.m */ = {isa = PBXFileReference; lastKnownFileType = sourcecode.c.objc; name = CCActionEase.m; path = libs/cocos2d/CCActionEase.m; sourceTree = "<group>"; };
		40FE356F136DD0560029BBB6 /* CCActionGrid.h */ = {isa = PBXFileReference; name = CCActionGrid.h; path = libs/cocos2d/CCActionGrid.h; sourceTree = "<group>"; };
		40FE3570136DD0560029BBB6 /* CCActionGrid.m */ = {isa = PBXFileReference; lastKnownFileType = sourcecode.c.objc; name = CCActionGrid.m; path = libs/cocos2d/CCActionGrid.m; sourceTree = "<group>"; };
		40FE3572136DD0560029BBB6 /* CCActionGrid3D.h */ = {isa = PBXFileReference; name = CCActionGrid3D.h; path = libs/cocos2d/CCActionGrid3D.h; sourceTree = "<group>"; };
		40FE3573136DD0560029BBB6 /* CCActionGrid3D.m */ = {isa = PBXFileReference; lastKnownFileType = sourcecode.c.objc; name = CCActionGrid3D.m; path = libs/cocos2d/CCActionGrid3D.m; sourceTree = "<group>"; };
		40FE3575136DD0560029BBB6 /* CCActionInstant.h */ = {isa = PBXFileReference; name = CCActionInstant.h; path = libs/cocos2d/CCActionInstant.h; sourceTree = "<group>"; };
		40FE3576136DD0560029BBB6 /* CCActionInstant.m */ = {isa = PBXFileReference; lastKnownFileType = sourcecode.c.objc; name = CCActionInstant.m; path = libs/cocos2d/CCActionInstant.m; sourceTree = "<group>"; };
		40FE3578136DD0570029BBB6 /* CCActionInterval.h */ = {isa = PBXFileReference; name = CCActionInterval.h; path = libs/cocos2d/CCActionInterval.h; sourceTree = "<group>"; };
		40FE3579136DD0570029BBB6 /* CCActionInterval.m */ = {isa = PBXFileReference; lastKnownFileType = sourcecode.c.objc; name = CCActionInterval.m; path = libs/cocos2d/CCActionInterval.m; sourceTree = "<group>"; };
		40FE357B136DD0570029BBB6 /* CCActionManager.h */ = {isa = PBXFileReference; name = CCActionManager.h; path = libs/cocos2d/CCActionManager.h; sourceTree = "<group>"; };
		40FE357C136DD0570029BBB6 /* CCActionManager.m */ = {isa = PBXFileReference; lastKnownFileType = sourcecode.c.objc; name = CCActionManager.m; path = libs/cocos2d/CCActionManager.m; sourceTree = "<group>"; };
		40FE357E136DD0570029BBB6 /* CCActionPageTurn3D.h */ = {isa = PBXFileReference; name = CCActionPageTurn3D.h; path = libs/cocos2d/CCActionPageTurn3D.h; sourceTree = "<group>"; };
		40FE357F136DD0570029BBB6 /* CCActionPageTurn3D.m */ = {isa = PBXFileReference; lastKnownFileType = sourcecode.c.objc; name = CCActionPageTurn3D.m; path = libs/cocos2d/CCActionPageTurn3D.m; sourceTree = "<group>"; };
		40FE3581136DD0570029BBB6 /* CCActionProgressTimer.h */ = {isa = PBXFileReference; name = CCActionProgressTimer.h; path = libs/cocos2d/CCActionProgressTimer.h; sourceTree = "<group>"; };
		40FE3582136DD0570029BBB6 /* CCActionProgressTimer.m */ = {isa = PBXFileReference; lastKnownFileType = sourcecode.c.objc; name = CCActionProgressTimer.m; path = libs/cocos2d/CCActionProgressTimer.m; sourceTree = "<group>"; };
		40FE3584136DD0570029BBB6 /* CCActionTiledGrid.h */ = {isa = PBXFileReference; name = CCActionTiledGrid.h; path = libs/cocos2d/CCActionTiledGrid.h; sourceTree = "<group>"; };
		40FE3585136DD0570029BBB6 /* CCActionTiledGrid.m */ = {isa = PBXFileReference; lastKnownFileType = sourcecode.c.objc; name = CCActionTiledGrid.m; path = libs/cocos2d/CCActionTiledGrid.m; sourceTree = "<group>"; };
		40FE3587136DD0570029BBB6 /* CCActionTween.h */ = {isa = PBXFileReference; name = CCActionTween.h; path = libs/cocos2d/CCActionTween.h; sourceTree = "<group>"; };
		40FE3588136DD0570029BBB6 /* CCActionTween.m */ = {isa = PBXFileReference; lastKnownFileType = sourcecode.c.objc; name = CCActionTween.m; path = libs/cocos2d/CCActionTween.m; sourceTree = "<group>"; };
		40FE358A136DD0570029BBB6 /* CCAnimation.h */ = {isa = PBXFileReference; name = CCAnimation.h; path = libs/cocos2d/CCAnimation.h; sourceTree = "<group>"; };
		40FE358B136DD0570029BBB6 /* CCAnimation.m */ = {isa = PBXFileReference; lastKnownFileType = sourcecode.c.objc; name = CCAnimation.m; path = libs/cocos2d/CCAnimation.m; sourceTree = "<group>"; };
		40FE358D136DD0570029BBB6 /* CCAnimationCache.h */ = {isa = PBXFileReference; name = CCAnimationCache.h; path = libs/cocos2d/CCAnimationCache.h; sourceTree = "<group>"; };
		40FE358E136DD0570029BBB6 /* CCAnimationCache.m */ = {isa = PBXFileReference; lastKnownFileType = sourcecode.c.objc; name = CCAnimationCache.m; path = libs/cocos2d/CCAnimationCache.m; sourceTree = "<group>"; };
		40FE3590136DD0570029BBB6 /* CCAtlasNode.h */ = {isa = PBXFileReference; name = CCAtlasNode.h; path = libs/cocos2d/CCAtlasNode.h; sourceTree = "<group>"; };
		40FE3591136DD0570029BBB6 /* CCAtlasNode.m */ = {isa = PBXFileReference; lastKnownFileType = sourcecode.c.objc; name = CCAtlasNode.m; path = libs/cocos2d/CCAtlasNode.m; sourceTree = "<group>"; };
		40FE3593136DD0570029BBB6 /* CCBlockSupport.h */ = {isa = PBXFileReference; name = CCBlockSupport.h; path = libs/cocos2d/CCBlockSupport.h; sourceTree = "<group>"; };
		40FE3594136DD0570029BBB6 /* CCBlockSupport.m */ = {isa = PBXFileReference; lastKnownFileType = sourcecode.c.objc; name = CCBlockSupport.m; path = libs/cocos2d/CCBlockSupport.m; sourceTree = "<group>"; };
		40FE3596136DD0570029BBB6 /* CCCamera.h */ = {isa = PBXFileReference; name = CCCamera.h; path = libs/cocos2d/CCCamera.h; sourceTree = "<group>"; };
		40FE3597136DD0570029BBB6 /* CCCamera.m */ = {isa = PBXFileReference; lastKnownFileType = sourcecode.c.objc; name = CCCamera.m; path = libs/cocos2d/CCCamera.m; sourceTree = "<group>"; };
		40FE3599136DD0570029BBB6 /* ccConfig.h */ = {isa = PBXFileReference; name = ccConfig.h; path = libs/cocos2d/ccConfig.h; sourceTree = "<group>"; };
		40FE359A136DD0570029BBB6 /* CCConfiguration.h */ = {isa = PBXFileReference; name = CCConfiguration.h; path = libs/cocos2d/CCConfiguration.h; sourceTree = "<group>"; };
		40FE359B136DD0570029BBB6 /* CCConfiguration.m */ = {isa = PBXFileReference; lastKnownFileType = sourcecode.c.objc; name = CCConfiguration.m; path = libs/cocos2d/CCConfiguration.m; sourceTree = "<group>"; };
		40FE359D136DD0570029BBB6 /* CCDirector.h */ = {isa = PBXFileReference; name = CCDirector.h; path = libs/cocos2d/CCDirector.h; sourceTree = "<group>"; };
		40FE359E136DD0570029BBB6 /* CCDirector.m */ = {isa = PBXFileReference; lastKnownFileType = sourcecode.c.objc; name = CCDirector.m; path = libs/cocos2d/CCDirector.m; sourceTree = "<group>"; };
		40FE35A0136DD0570029BBB6 /* CCDrawingPrimitives.h */ = {isa = PBXFileReference; name = CCDrawingPrimitives.h; path = libs/cocos2d/CCDrawingPrimitives.h; sourceTree = "<group>"; };
		40FE35A1136DD0570029BBB6 /* CCDrawingPrimitives.m */ = {isa = PBXFileReference; lastKnownFileType = sourcecode.c.objc; name = CCDrawingPrimitives.m; path = libs/cocos2d/CCDrawingPrimitives.m; sourceTree = "<group>"; };
		40FE35A3136DD0570029BBB6 /* CCGrabber.h */ = {isa = PBXFileReference; name = CCGrabber.h; path = libs/cocos2d/CCGrabber.h; sourceTree = "<group>"; };
		40FE35A4136DD0570029BBB6 /* CCGrabber.m */ = {isa = PBXFileReference; lastKnownFileType = sourcecode.c.objc; name = CCGrabber.m; path = libs/cocos2d/CCGrabber.m; sourceTree = "<group>"; };
		40FE35A6136DD0570029BBB6 /* CCGrid.h */ = {isa = PBXFileReference; name = CCGrid.h; path = libs/cocos2d/CCGrid.h; sourceTree = "<group>"; };
		40FE35A7136DD0570029BBB6 /* CCGrid.m */ = {isa = PBXFileReference; lastKnownFileType = sourcecode.c.objc; name = CCGrid.m; path = libs/cocos2d/CCGrid.m; sourceTree = "<group>"; };
		40FE35A9136DD0570029BBB6 /* CCLabelAtlas.h */ = {isa = PBXFileReference; name = CCLabelAtlas.h; path = libs/cocos2d/CCLabelAtlas.h; sourceTree = "<group>"; };
		40FE35AA136DD0570029BBB6 /* CCLabelAtlas.m */ = {isa = PBXFileReference; lastKnownFileType = sourcecode.c.objc; name = CCLabelAtlas.m; path = libs/cocos2d/CCLabelAtlas.m; sourceTree = "<group>"; };
		40FE35AC136DD0570029BBB6 /* CCLabelBMFont.h */ = {isa = PBXFileReference; name = CCLabelBMFont.h; path = libs/cocos2d/CCLabelBMFont.h; sourceTree = "<group>"; };
		40FE35AD136DD0570029BBB6 /* CCLabelBMFont.m */ = {isa = PBXFileReference; lastKnownFileType = sourcecode.c.objc; name = CCLabelBMFont.m; path = libs/cocos2d/CCLabelBMFont.m; sourceTree = "<group>"; };
		40FE35AF136DD0570029BBB6 /* CCLabelTTF.h */ = {isa = PBXFileReference; name = CCLabelTTF.h; path = libs/cocos2d/CCLabelTTF.h; sourceTree = "<group>"; };
		40FE35B0136DD0570029BBB6 /* CCLabelTTF.m */ = {isa = PBXFileReference; lastKnownFileType = sourcecode.c.objc; name = CCLabelTTF.m; path = libs/cocos2d/CCLabelTTF.m; sourceTree = "<group>"; };
		40FE35B2136DD0570029BBB6 /* CCLayer.h */ = {isa = PBXFileReference; name = CCLayer.h; path = libs/cocos2d/CCLayer.h; sourceTree = "<group>"; };
		40FE35B3136DD0570029BBB6 /* CCLayer.m */ = {isa = PBXFileReference; lastKnownFileType = sourcecode.c.objc; name = CCLayer.m; path = libs/cocos2d/CCLayer.m; sourceTree = "<group>"; };
		40FE35B5136DD0570029BBB6 /* ccMacros.h */ = {isa = PBXFileReference; name = ccMacros.h; path = libs/cocos2d/ccMacros.h; sourceTree = "<group>"; };
		40FE35B6136DD0570029BBB6 /* CCMenu.h */ = {isa = PBXFileReference; name = CCMenu.h; path = libs/cocos2d/CCMenu.h; sourceTree = "<group>"; };
		40FE35B7136DD0570029BBB6 /* CCMenu.m */ = {isa = PBXFileReference; lastKnownFileType = sourcecode.c.objc; name = CCMenu.m; path = libs/cocos2d/CCMenu.m; sourceTree = "<group>"; };
		40FE35B9136DD0570029BBB6 /* CCMenuItem.h */ = {isa = PBXFileReference; name = CCMenuItem.h; path = libs/cocos2d/CCMenuItem.h; sourceTree = "<group>"; };
		40FE35BA136DD0570029BBB6 /* CCMenuItem.m */ = {isa = PBXFileReference; lastKnownFileType = sourcecode.c.objc; name = CCMenuItem.m; path = libs/cocos2d/CCMenuItem.m; sourceTree = "<group>"; };
		40FE35BC136DD0570029BBB6 /* CCMotionStreak.h */ = {isa = PBXFileReference; name = CCMotionStreak.h; path = libs/cocos2d/CCMotionStreak.h; sourceTree = "<group>"; };
		40FE35BD136DD0570029BBB6 /* CCMotionStreak.m */ = {isa = PBXFileReference; lastKnownFileType = sourcecode.c.objc; name = CCMotionStreak.m; path = libs/cocos2d/CCMotionStreak.m; sourceTree = "<group>"; };
		40FE35BF136DD0570029BBB6 /* CCNode.h */ = {isa = PBXFileReference; name = CCNode.h; path = libs/cocos2d/CCNode.h; sourceTree = "<group>"; };
		40FE35C0136DD0570029BBB6 /* CCNode.m */ = {isa = PBXFileReference; lastKnownFileType = sourcecode.c.objc; name = CCNode.m; path = libs/cocos2d/CCNode.m; sourceTree = "<group>"; };
		40FE35C2136DD0570029BBB6 /* CCParallaxNode.h */ = {isa = PBXFileReference; name = CCParallaxNode.h; path = libs/cocos2d/CCParallaxNode.h; sourceTree = "<group>"; };
		40FE35C3136DD0570029BBB6 /* CCParallaxNode.m */ = {isa = PBXFileReference; lastKnownFileType = sourcecode.c.objc; name = CCParallaxNode.m; path = libs/cocos2d/CCParallaxNode.m; sourceTree = "<group>"; };
		40FE35C5136DD0570029BBB6 /* CCParticleExamples.h */ = {isa = PBXFileReference; name = CCParticleExamples.h; path = libs/cocos2d/CCParticleExamples.h; sourceTree = "<group>"; };
		40FE35C6136DD0570029BBB6 /* CCParticleExamples.m */ = {isa = PBXFileReference; lastKnownFileType = sourcecode.c.objc; name = CCParticleExamples.m; path = libs/cocos2d/CCParticleExamples.m; sourceTree = "<group>"; };
		40FE35C8136DD0570029BBB6 /* CCParticleSystem.h */ = {isa = PBXFileReference; name = CCParticleSystem.h; path = libs/cocos2d/CCParticleSystem.h; sourceTree = "<group>"; };
		40FE35C9136DD0570029BBB6 /* CCParticleSystem.m */ = {isa = PBXFileReference; lastKnownFileType = sourcecode.c.objc; name = CCParticleSystem.m; path = libs/cocos2d/CCParticleSystem.m; sourceTree = "<group>"; };
		40FE35CB136DD0570029BBB6 /* CCParticleSystemPoint.h */ = {isa = PBXFileReference; name = CCParticleSystemPoint.h; path = libs/cocos2d/CCParticleSystemPoint.h; sourceTree = "<group>"; };
		40FE35CC136DD0570029BBB6 /* CCParticleSystemPoint.m */ = {isa = PBXFileReference; lastKnownFileType = sourcecode.c.objc; name = CCParticleSystemPoint.m; path = libs/cocos2d/CCParticleSystemPoint.m; sourceTree = "<group>"; };
		40FE35CE136DD0570029BBB6 /* CCParticleSystemQuad.h */ = {isa = PBXFileReference; name = CCParticleSystemQuad.h; path = libs/cocos2d/CCParticleSystemQuad.h; sourceTree = "<group>"; };
		40FE35CF136DD0570029BBB6 /* CCParticleSystemQuad.m */ = {isa = PBXFileReference; lastKnownFileType = sourcecode.c.objc; name = CCParticleSystemQuad.m; path = libs/cocos2d/CCParticleSystemQuad.m; sourceTree = "<group>"; };
		40FE35D1136DD0570029BBB6 /* CCProgressTimer.h */ = {isa = PBXFileReference; name = CCProgressTimer.h; path = libs/cocos2d/CCProgressTimer.h; sourceTree = "<group>"; };
		40FE35D2136DD0570029BBB6 /* CCProgressTimer.m */ = {isa = PBXFileReference; lastKnownFileType = sourcecode.c.objc; name = CCProgressTimer.m; path = libs/cocos2d/CCProgressTimer.m; sourceTree = "<group>"; };
		40FE35D4136DD0570029BBB6 /* CCProtocols.h */ = {isa = PBXFileReference; name = CCProtocols.h; path = libs/cocos2d/CCProtocols.h; sourceTree = "<group>"; };
		40FE35D5136DD0570029BBB6 /* CCRenderTexture.h */ = {isa = PBXFileReference; name = CCRenderTexture.h; path = libs/cocos2d/CCRenderTexture.h; sourceTree = "<group>"; };
		40FE35D6136DD0570029BBB6 /* CCRenderTexture.m */ = {isa = PBXFileReference; lastKnownFileType = sourcecode.c.objc; name = CCRenderTexture.m; path = libs/cocos2d/CCRenderTexture.m; sourceTree = "<group>"; };
		40FE35D8136DD0570029BBB6 /* CCRibbon.h */ = {isa = PBXFileReference; name = CCRibbon.h; path = libs/cocos2d/CCRibbon.h; sourceTree = "<group>"; };
		40FE35D9136DD0570029BBB6 /* CCRibbon.m */ = {isa = PBXFileReference; lastKnownFileType = sourcecode.c.objc; name = CCRibbon.m; path = libs/cocos2d/CCRibbon.m; sourceTree = "<group>"; };
		40FE35DB136DD0570029BBB6 /* CCScene.h */ = {isa = PBXFileReference; name = CCScene.h; path = libs/cocos2d/CCScene.h; sourceTree = "<group>"; };
		40FE35DC136DD0570029BBB6 /* CCScene.m */ = {isa = PBXFileReference; lastKnownFileType = sourcecode.c.objc; name = CCScene.m; path = libs/cocos2d/CCScene.m; sourceTree = "<group>"; };
		40FE35DE136DD0570029BBB6 /* CCScheduler.h */ = {isa = PBXFileReference; name = CCScheduler.h; path = libs/cocos2d/CCScheduler.h; sourceTree = "<group>"; };
		40FE35DF136DD0570029BBB6 /* CCScheduler.m */ = {isa = PBXFileReference; lastKnownFileType = sourcecode.c.objc; name = CCScheduler.m; path = libs/cocos2d/CCScheduler.m; sourceTree = "<group>"; };
		40FE35E1136DD0570029BBB6 /* CCSprite.h */ = {isa = PBXFileReference; name = CCSprite.h; path = libs/cocos2d/CCSprite.h; sourceTree = "<group>"; };
		40FE35E2136DD0570029BBB6 /* CCSprite.m */ = {isa = PBXFileReference; lastKnownFileType = sourcecode.c.objc; name = CCSprite.m; path = libs/cocos2d/CCSprite.m; sourceTree = "<group>"; };
		40FE35E4136DD0570029BBB6 /* CCSpriteBatchNode.h */ = {isa = PBXFileReference; name = CCSpriteBatchNode.h; path = libs/cocos2d/CCSpriteBatchNode.h; sourceTree = "<group>"; };
		40FE35E5136DD0570029BBB6 /* CCSpriteBatchNode.m */ = {isa = PBXFileReference; lastKnownFileType = sourcecode.c.objc; name = CCSpriteBatchNode.m; path = libs/cocos2d/CCSpriteBatchNode.m; sourceTree = "<group>"; };
		40FE35E7136DD0570029BBB6 /* CCSpriteFrame.h */ = {isa = PBXFileReference; name = CCSpriteFrame.h; path = libs/cocos2d/CCSpriteFrame.h; sourceTree = "<group>"; };
		40FE35E8136DD0570029BBB6 /* CCSpriteFrame.m */ = {isa = PBXFileReference; lastKnownFileType = sourcecode.c.objc; name = CCSpriteFrame.m; path = libs/cocos2d/CCSpriteFrame.m; sourceTree = "<group>"; };
		40FE35EA136DD0570029BBB6 /* CCSpriteFrameCache.h */ = {isa = PBXFileReference; name = CCSpriteFrameCache.h; path = libs/cocos2d/CCSpriteFrameCache.h; sourceTree = "<group>"; };
		40FE35EB136DD0570029BBB6 /* CCSpriteFrameCache.m */ = {isa = PBXFileReference; lastKnownFileType = sourcecode.c.objc; name = CCSpriteFrameCache.m; path = libs/cocos2d/CCSpriteFrameCache.m; sourceTree = "<group>"; };
		40FE35ED136DD0570029BBB6 /* CCTexture2D.h */ = {isa = PBXFileReference; name = CCTexture2D.h; path = libs/cocos2d/CCTexture2D.h; sourceTree = "<group>"; };
		40FE35EE136DD0570029BBB6 /* CCTexture2D.m */ = {isa = PBXFileReference; lastKnownFileType = sourcecode.c.objc; name = CCTexture2D.m; path = libs/cocos2d/CCTexture2D.m; sourceTree = "<group>"; };
		40FE35F0136DD0570029BBB6 /* CCTextureAtlas.h */ = {isa = PBXFileReference; name = CCTextureAtlas.h; path = libs/cocos2d/CCTextureAtlas.h; sourceTree = "<group>"; };
		40FE35F1136DD0570029BBB6 /* CCTextureAtlas.m */ = {isa = PBXFileReference; lastKnownFileType = sourcecode.c.objc; name = CCTextureAtlas.m; path = libs/cocos2d/CCTextureAtlas.m; sourceTree = "<group>"; };
		40FE35F3136DD0570029BBB6 /* CCTextureCache.h */ = {isa = PBXFileReference; name = CCTextureCache.h; path = libs/cocos2d/CCTextureCache.h; sourceTree = "<group>"; };
		40FE35F4136DD0570029BBB6 /* CCTextureCache.m */ = {isa = PBXFileReference; lastKnownFileType = sourcecode.c.objc; name = CCTextureCache.m; path = libs/cocos2d/CCTextureCache.m; sourceTree = "<group>"; };
		40FE35F6136DD0580029BBB6 /* CCTexturePVR.h */ = {isa = PBXFileReference; name = CCTexturePVR.h; path = libs/cocos2d/CCTexturePVR.h; sourceTree = "<group>"; };
		40FE35F7136DD0580029BBB6 /* CCTexturePVR.m */ = {isa = PBXFileReference; lastKnownFileType = sourcecode.c.objc; name = CCTexturePVR.m; path = libs/cocos2d/CCTexturePVR.m; sourceTree = "<group>"; };
		40FE35F9136DD0580029BBB6 /* CCTileMapAtlas.h */ = {isa = PBXFileReference; name = CCTileMapAtlas.h; path = libs/cocos2d/CCTileMapAtlas.h; sourceTree = "<group>"; };
		40FE35FA136DD0580029BBB6 /* CCTileMapAtlas.m */ = {isa = PBXFileReference; lastKnownFileType = sourcecode.c.objc; name = CCTileMapAtlas.m; path = libs/cocos2d/CCTileMapAtlas.m; sourceTree = "<group>"; };
		40FE35FC136DD0580029BBB6 /* CCTMXLayer.h */ = {isa = PBXFileReference; name = CCTMXLayer.h; path = libs/cocos2d/CCTMXLayer.h; sourceTree = "<group>"; };
		40FE35FD136DD0580029BBB6 /* CCTMXLayer.m */ = {isa = PBXFileReference; lastKnownFileType = sourcecode.c.objc; name = CCTMXLayer.m; path = libs/cocos2d/CCTMXLayer.m; sourceTree = "<group>"; };
		40FE35FF136DD0580029BBB6 /* CCTMXObjectGroup.h */ = {isa = PBXFileReference; name = CCTMXObjectGroup.h; path = libs/cocos2d/CCTMXObjectGroup.h; sourceTree = "<group>"; };
		40FE3600136DD0580029BBB6 /* CCTMXObjectGroup.m */ = {isa = PBXFileReference; lastKnownFileType = sourcecode.c.objc; name = CCTMXObjectGroup.m; path = libs/cocos2d/CCTMXObjectGroup.m; sourceTree = "<group>"; };
		40FE3602136DD0580029BBB6 /* CCTMXTiledMap.h */ = {isa = PBXFileReference; name = CCTMXTiledMap.h; path = libs/cocos2d/CCTMXTiledMap.h; sourceTree = "<group>"; };
		40FE3603136DD0580029BBB6 /* CCTMXTiledMap.m */ = {isa = PBXFileReference; lastKnownFileType = sourcecode.c.objc; name = CCTMXTiledMap.m; path = libs/cocos2d/CCTMXTiledMap.m; sourceTree = "<group>"; };
		40FE3605136DD0580029BBB6 /* CCTMXXMLParser.h */ = {isa = PBXFileReference; name = CCTMXXMLParser.h; path = libs/cocos2d/CCTMXXMLParser.h; sourceTree = "<group>"; };
		40FE3606136DD0580029BBB6 /* CCTMXXMLParser.m */ = {isa = PBXFileReference; lastKnownFileType = sourcecode.c.objc; name = CCTMXXMLParser.m; path = libs/cocos2d/CCTMXXMLParser.m; sourceTree = "<group>"; };
		40FE3608136DD0580029BBB6 /* CCTransition.h */ = {isa = PBXFileReference; name = CCTransition.h; path = libs/cocos2d/CCTransition.h; sourceTree = "<group>"; };
		40FE3609136DD0580029BBB6 /* CCTransition.m */ = {isa = PBXFileReference; lastKnownFileType = sourcecode.c.objc; name = CCTransition.m; path = libs/cocos2d/CCTransition.m; sourceTree = "<group>"; };
		40FE360B136DD0580029BBB6 /* CCTransitionPageTurn.h */ = {isa = PBXFileReference; name = CCTransitionPageTurn.h; path = libs/cocos2d/CCTransitionPageTurn.h; sourceTree = "<group>"; };
		40FE360C136DD0580029BBB6 /* CCTransitionPageTurn.m */ = {isa = PBXFileReference; lastKnownFileType = sourcecode.c.objc; name = CCTransitionPageTurn.m; path = libs/cocos2d/CCTransitionPageTurn.m; sourceTree = "<group>"; };
		40FE360E136DD0580029BBB6 /* CCTransitionRadial.h */ = {isa = PBXFileReference; name = CCTransitionRadial.h; path = libs/cocos2d/CCTransitionRadial.h; sourceTree = "<group>"; };
		40FE360F136DD0580029BBB6 /* CCTransitionRadial.m */ = {isa = PBXFileReference; lastKnownFileType = sourcecode.c.objc; name = CCTransitionRadial.m; path = libs/cocos2d/CCTransitionRadial.m; sourceTree = "<group>"; };
		40FE3611136DD0580029BBB6 /* ccTypes.h */ = {isa = PBXFileReference; name = ccTypes.h; path = libs/cocos2d/ccTypes.h; sourceTree = "<group>"; };
		40FE3612136DD0580029BBB6 /* cocos2d.h */ = {isa = PBXFileReference; name = cocos2d.h; path = libs/cocos2d/cocos2d.h; sourceTree = "<group>"; };
		40FE3613136DD0580029BBB6 /* cocos2d.m */ = {isa = PBXFileReference; lastKnownFileType = sourcecode.c.objc; name = cocos2d.m; path = libs/cocos2d/cocos2d.m; sourceTree = "<group>"; };
		40FE3615136DD0580029BBB6 /* CCGL.h */ = {isa = PBXFileReference; name = CCGL.h; path = libs/cocos2d/Platforms/CCGL.h; sourceTree = "<group>"; };
		40FE3616136DD0580029BBB6 /* CCNS.h */ = {isa = PBXFileReference; name = CCNS.h; path = libs/cocos2d/Platforms/CCNS.h; sourceTree = "<group>"; };
		40FE3617136DD0580029BBB6 /* CCDirectorIOS.h */ = {isa = PBXFileReference; name = CCDirectorIOS.h; path = libs/cocos2d/Platforms/iOS/CCDirectorIOS.h; sourceTree = "<group>"; };
		40FE3618136DD0580029BBB6 /* CCDirectorIOS.m */ = {isa = PBXFileReference; lastKnownFileType = sourcecode.c.objc; name = CCDirectorIOS.m; path = libs/cocos2d/Platforms/iOS/CCDirectorIOS.m; sourceTree = "<group>"; };
		40FE361A136DD0580029BBB6 /* CCTouchDelegateProtocol.h */ = {isa = PBXFileReference; name = CCTouchDelegateProtocol.h; path = libs/cocos2d/Platforms/iOS/CCTouchDelegateProtocol.h; sourceTree = "<group>"; };
		40FE361B136DD0580029BBB6 /* CCTouchDispatcher.h */ = {isa = PBXFileReference; name = CCTouchDispatcher.h; path = libs/cocos2d/Platforms/iOS/CCTouchDispatcher.h; sourceTree = "<group>"; };
		40FE361C136DD0580029BBB6 /* CCTouchDispatcher.m */ = {isa = PBXFileReference; lastKnownFileType = sourcecode.c.objc; name = CCTouchDispatcher.m; path = libs/cocos2d/Platforms/iOS/CCTouchDispatcher.m; sourceTree = "<group>"; };
		40FE361E136DD0580029BBB6 /* CCTouchHandler.h */ = {isa = PBXFileReference; name = CCTouchHandler.h; path = libs/cocos2d/Platforms/iOS/CCTouchHandler.h; sourceTree = "<group>"; };
		40FE361F136DD0580029BBB6 /* CCTouchHandler.m */ = {isa = PBXFileReference; lastKnownFileType = sourcecode.c.objc; name = CCTouchHandler.m; path = libs/cocos2d/Platforms/iOS/CCTouchHandler.m; sourceTree = "<group>"; };
		40FE3621136DD0580029BBB6 /* EAGLView.h */ = {isa = PBXFileReference; name = EAGLView.h; path = libs/cocos2d/Platforms/iOS/EAGLView.h; sourceTree = "<group>"; };
		40FE3622136DD0580029BBB6 /* EAGLView.m */ = {isa = PBXFileReference; lastKnownFileType = sourcecode.c.objc; name = EAGLView.m; path = libs/cocos2d/Platforms/iOS/EAGLView.m; sourceTree = "<group>"; };
		40FE3624136DD0580029BBB6 /* ES1Renderer.h */ = {isa = PBXFileReference; name = ES1Renderer.h; path = libs/cocos2d/Platforms/iOS/ES1Renderer.h; sourceTree = "<group>"; };
		40FE3625136DD0580029BBB6 /* ES1Renderer.m */ = {isa = PBXFileReference; lastKnownFileType = sourcecode.c.objc; name = ES1Renderer.m; path = libs/cocos2d/Platforms/iOS/ES1Renderer.m; sourceTree = "<group>"; };
		40FE3627136DD0580029BBB6 /* ESRenderer.h */ = {isa = PBXFileReference; name = ESRenderer.h; path = libs/cocos2d/Platforms/iOS/ESRenderer.h; sourceTree = "<group>"; };
		40FE3628136DD0580029BBB6 /* glu.c */ = {isa = PBXFileReference; lastKnownFileType = sourcecode.c.c; name = glu.c; path = libs/cocos2d/Platforms/iOS/glu.c; sourceTree = "<group>"; };
		40FE362A136DD0580029BBB6 /* glu.h */ = {isa = PBXFileReference; name = glu.h; path = libs/cocos2d/Platforms/iOS/glu.h; sourceTree = "<group>"; };
		40FE362B136DD0580029BBB6 /* CCDirectorMac.h */ = {isa = PBXFileReference; name = CCDirectorMac.h; path = libs/cocos2d/Platforms/Mac/CCDirectorMac.h; sourceTree = "<group>"; };
		40FE362C136DD0580029BBB6 /* CCDirectorMac.m */ = {isa = PBXFileReference; lastKnownFileType = sourcecode.c.objc; name = CCDirectorMac.m; path = libs/cocos2d/Platforms/Mac/CCDirectorMac.m; sourceTree = "<group>"; };
		40FE362E136DD0580029BBB6 /* CCEventDispatcher.h */ = {isa = PBXFileReference; name = CCEventDispatcher.h; path = libs/cocos2d/Platforms/Mac/CCEventDispatcher.h; sourceTree = "<group>"; };
		40FE362F136DD0580029BBB6 /* CCEventDispatcher.m */ = {isa = PBXFileReference; lastKnownFileType = sourcecode.c.objc; name = CCEventDispatcher.m; path = libs/cocos2d/Platforms/Mac/CCEventDispatcher.m; sourceTree = "<group>"; };
		40FE3631136DD0580029BBB6 /* MacGLView.h */ = {isa = PBXFileReference; name = MacGLView.h; path = libs/cocos2d/Platforms/Mac/MacGLView.h; sourceTree = "<group>"; };
		40FE3632136DD0580029BBB6 /* MacGLView.m */ = {isa = PBXFileReference; lastKnownFileType = sourcecode.c.objc; name = MacGLView.m; path = libs/cocos2d/Platforms/Mac/MacGLView.m; sourceTree = "<group>"; };
		40FE3634136DD0580029BBB6 /* MacWindow.h */ = {isa = PBXFileReference; name = MacWindow.h; path = libs/cocos2d/Platforms/Mac/MacWindow.h; sourceTree = "<group>"; };
		40FE3635136DD0580029BBB6 /* MacWindow.m */ = {isa = PBXFileReference; lastKnownFileType = sourcecode.c.objc; name = MacWindow.m; path = libs/cocos2d/Platforms/Mac/MacWindow.m; sourceTree = "<group>"; };
		40FE3637136DD0580029BBB6 /* base64.c */ = {isa = PBXFileReference; lastKnownFileType = sourcecode.c.c; name = base64.c; path = libs/cocos2d/Support/base64.c; sourceTree = "<group>"; };
		40FE3639136DD0580029BBB6 /* base64.h */ = {isa = PBXFileReference; name = base64.h; path = libs/cocos2d/Support/base64.h; sourceTree = "<group>"; };
		40FE363A136DD0580029BBB6 /* CCArray.h */ = {isa = PBXFileReference; name = CCArray.h; path = libs/cocos2d/Support/CCArray.h; sourceTree = "<group>"; };
		40FE363B136DD0580029BBB6 /* CCArray.m */ = {isa = PBXFileReference; lastKnownFileType = sourcecode.c.objc; name = CCArray.m; path = libs/cocos2d/Support/CCArray.m; sourceTree = "<group>"; };
		40FE363D136DD0580029BBB6 /* ccCArray.h */ = {isa = PBXFileReference; name = ccCArray.h; path = libs/cocos2d/Support/ccCArray.h; sourceTree = "<group>"; };
		40FE363E136DD0580029BBB6 /* CCFileUtils.h */ = {isa = PBXFileReference; name = CCFileUtils.h; path = libs/cocos2d/Support/CCFileUtils.h; sourceTree = "<group>"; };
		40FE363F136DD0580029BBB6 /* CCFileUtils.m */ = {isa = PBXFileReference; lastKnownFileType = sourcecode.c.objc; name = CCFileUtils.m; path = libs/cocos2d/Support/CCFileUtils.m; sourceTree = "<group>"; };
		40FE3641136DD0580029BBB6 /* CCProfiling.h */ = {isa = PBXFileReference; name = CCProfiling.h; path = libs/cocos2d/Support/CCProfiling.h; sourceTree = "<group>"; };
		40FE3642136DD0580029BBB6 /* CCProfiling.m */ = {isa = PBXFileReference; lastKnownFileType = sourcecode.c.objc; name = CCProfiling.m; path = libs/cocos2d/Support/CCProfiling.m; sourceTree = "<group>"; };
		40FE3644136DD0580029BBB6 /* ccUtils.c */ = {isa = PBXFileReference; lastKnownFileType = sourcecode.c.c; name = ccUtils.c; path = libs/cocos2d/Support/ccUtils.c; sourceTree = "<group>"; };
		40FE3646136DD0580029BBB6 /* ccUtils.h */ = {isa = PBXFileReference; name = ccUtils.h; path = libs/cocos2d/Support/ccUtils.h; sourceTree = "<group>"; };
		40FE3647136DD0580029BBB6 /* CGPointExtension.h */ = {isa = PBXFileReference; name = CGPointExtension.h; path = libs/cocos2d/Support/CGPointExtension.h; sourceTree = "<group>"; };
		40FE3648136DD0580029BBB6 /* CGPointExtension.m */ = {isa = PBXFileReference; lastKnownFileType = sourcecode.c.objc; name = CGPointExtension.m; path = libs/cocos2d/Support/CGPointExtension.m; sourceTree = "<group>"; };
		40FE364A136DD0580029BBB6 /* OpenGL_Internal.h */ = {isa = PBXFileReference; name = OpenGL_Internal.h; path = libs/cocos2d/Support/OpenGL_Internal.h; sourceTree = "<group>"; };
		40FE364B136DD0580029BBB6 /* TGAlib.h */ = {isa = PBXFileReference; name = TGAlib.h; path = libs/cocos2d/Support/TGAlib.h; sourceTree = "<group>"; };
		40FE364C136DD0580029BBB6 /* TGAlib.m */ = {isa = PBXFileReference; lastKnownFileType = sourcecode.c.objc; name = TGAlib.m; path = libs/cocos2d/Support/TGAlib.m; sourceTree = "<group>"; };
		40FE364E136DD0580029BBB6 /* TransformUtils.h */ = {isa = PBXFileReference; name = TransformUtils.h; path = libs/cocos2d/Support/TransformUtils.h; sourceTree = "<group>"; };
		40FE364F136DD0580029BBB6 /* TransformUtils.m */ = {isa = PBXFileReference; lastKnownFileType = sourcecode.c.objc; name = TransformUtils.m; path = libs/cocos2d/Support/TransformUtils.m; sourceTree = "<group>"; };
		40FE3651136DD0580029BBB6 /* uthash.h */ = {isa = PBXFileReference; name = uthash.h; path = libs/cocos2d/Support/uthash.h; sourceTree = "<group>"; };
		40FE3652136DD0580029BBB6 /* utlist.h */ = {isa = PBXFileReference; name = utlist.h; path = libs/cocos2d/Support/utlist.h; sourceTree = "<group>"; };
		40FE3653136DD0580029BBB6 /* ZipUtils.h */ = {isa = PBXFileReference; name = ZipUtils.h; path = libs/cocos2d/Support/ZipUtils.h; sourceTree = "<group>"; };
		40FE3654136DD0580029BBB6 /* ZipUtils.m */ = {isa = PBXFileReference; lastKnownFileType = sourcecode.c.objc; name = ZipUtils.m; path = libs/cocos2d/Support/ZipUtils.m; sourceTree = "<group>"; };
		40FE3656136DD0580029BBB6 /* LICENSE_cocos2d.txt */ = {isa = PBXFileReference; name = LICENSE_cocos2d.txt; path = libs/LICENSE_cocos2d.txt; sourceTree = "<group>"; };
		40FE3658136DD0580029BBB6 /* CDAudioManager.h */ = {isa = PBXFileReference; name = CDAudioManager.h; path = libs/CocosDenshion/CDAudioManager.h; sourceTree = "<group>"; };
		40FE3659136DD0580029BBB6 /* CDAudioManager.m */ = {isa = PBXFileReference; lastKnownFileType = sourcecode.c.objc; name = CDAudioManager.m; path = libs/CocosDenshion/CDAudioManager.m; sourceTree = "<group>"; };
		40FE365B136DD0580029BBB6 /* CDConfig.h */ = {isa = PBXFileReference; name = CDConfig.h; path = libs/CocosDenshion/CDConfig.h; sourceTree = "<group>"; };
		40FE365C136DD0580029BBB6 /* CDOpenALSupport.h */ = {isa = PBXFileReference; name = CDOpenALSupport.h; path = libs/CocosDenshion/CDOpenALSupport.h; sourceTree = "<group>"; };
		40FE365D136DD0580029BBB6 /* CDOpenALSupport.m */ = {isa = PBXFileReference; lastKnownFileType = sourcecode.c.objc; name = CDOpenALSupport.m; path = libs/CocosDenshion/CDOpenALSupport.m; sourceTree = "<group>"; };
		40FE365F136DD0580029BBB6 /* CocosDenshion.h */ = {isa = PBXFileReference; name = CocosDenshion.h; path = libs/CocosDenshion/CocosDenshion.h; sourceTree = "<group>"; };
		40FE3660136DD0580029BBB6 /* CocosDenshion.m */ = {isa = PBXFileReference; lastKnownFileType = sourcecode.c.objc; name = CocosDenshion.m; path = libs/CocosDenshion/CocosDenshion.m; sourceTree = "<group>"; };
		40FE3662136DD0580029BBB6 /* SimpleAudioEngine.h */ = {isa = PBXFileReference; name = SimpleAudioEngine.h; path = libs/CocosDenshion/SimpleAudioEngine.h; sourceTree = "<group>"; };
		40FE3663136DD0580029BBB6 /* SimpleAudioEngine.m */ = {isa = PBXFileReference; lastKnownFileType = sourcecode.c.objc; name = SimpleAudioEngine.m; path = libs/CocosDenshion/SimpleAudioEngine.m; sourceTree = "<group>"; };
		40FE3665136DD0580029BBB6 /* LICENSE_CocosDenshion.txt */ = {isa = PBXFileReference; name = LICENSE_CocosDenshion.txt; path = libs/LICENSE_CocosDenshion.txt; sourceTree = "<group>"; };
		40FE3667136DD0580029BBB6 /* CLScoreServerPost.h */ = {isa = PBXFileReference; name = CLScoreServerPost.h; path = libs/cocoslive/CLScoreServerPost.h; sourceTree = "<group>"; };
		40FE3668136DD0580029BBB6 /* CLScoreServerPost.m */ = {isa = PBXFileReference; lastKnownFileType = sourcecode.c.objc; name = CLScoreServerPost.m; path = libs/cocoslive/CLScoreServerPost.m; sourceTree = "<group>"; };
		40FE366A136DD0580029BBB6 /* CLScoreServerRequest.h */ = {isa = PBXFileReference; name = CLScoreServerRequest.h; path = libs/cocoslive/CLScoreServerRequest.h; sourceTree = "<group>"; };
		40FE366B136DD0580029BBB6 /* CLScoreServerRequest.m */ = {isa = PBXFileReference; lastKnownFileType = sourcecode.c.objc; name = CLScoreServerRequest.m; path = libs/cocoslive/CLScoreServerRequest.m; sourceTree = "<group>"; };
		40FE366D136DD0580029BBB6 /* cocoslive.h */ = {isa = PBXFileReference; name = cocoslive.h; path = libs/cocoslive/cocoslive.h; sourceTree = "<group>"; };
		40FE366E136DD0580029BBB6 /* cocoslive.m */ = {isa = PBXFileReference; lastKnownFileType = sourcecode.c.objc; name = cocoslive.m; path = libs/cocoslive/cocoslive.m; sourceTree = "<group>"; };
		40FE3670136DD0580029BBB6 /* LICENSE_TouchJSON.txt */ = {isa = PBXFileReference; name = LICENSE_TouchJSON.txt; path = libs/LICENSE_TouchJSON.txt; sourceTree = "<group>"; };
		40FE3672136DD0580029BBB6 /* CDataScanner.h */ = {isa = PBXFileReference; name = CDataScanner.h; path = libs/TouchJSON/CDataScanner.h; sourceTree = "<group>"; };
		40FE3673136DD0580029BBB6 /* CDataScanner.m */ = {isa = PBXFileReference; lastKnownFileType = sourcecode.c.objc; name = CDataScanner.m; path = libs/TouchJSON/CDataScanner.m; sourceTree = "<group>"; };
		40FE3675136DD0580029BBB6 /* CDataScanner_Extensions.h */ = {isa = PBXFileReference; name = CDataScanner_Extensions.h; path = libs/TouchJSON/Extensions/CDataScanner_Extensions.h; sourceTree = "<group>"; };
		40FE3676136DD0580029BBB6 /* CDataScanner_Extensions.m */ = {isa = PBXFileReference; lastKnownFileType = sourcecode.c.objc; name = CDataScanner_Extensions.m; path = libs/TouchJSON/Extensions/CDataScanner_Extensions.m; sourceTree = "<group>"; };
		40FE3678136DD0580029BBB6 /* NSDictionary_JSONExtensions.h */ = {isa = PBXFileReference; name = NSDictionary_JSONExtensions.h; path = libs/TouchJSON/Extensions/NSDictionary_JSONExtensions.h; sourceTree = "<group>"; };
		40FE3679136DD0580029BBB6 /* NSDictionary_JSONExtensions.m */ = {isa = PBXFileReference; lastKnownFileType = sourcecode.c.objc; name = NSDictionary_JSONExtensions.m; path = libs/TouchJSON/Extensions/NSDictionary_JSONExtensions.m; sourceTree = "<group>"; };
		40FE367B136DD0580029BBB6 /* CJSONDeserializer.h */ = {isa = PBXFileReference; name = CJSONDeserializer.h; path = libs/TouchJSON/JSON/CJSONDeserializer.h; sourceTree = "<group>"; };
		40FE367C136DD0580029BBB6 /* CJSONDeserializer.m */ = {isa = PBXFileReference; lastKnownFileType = sourcecode.c.objc; name = CJSONDeserializer.m; path = libs/TouchJSON/JSON/CJSONDeserializer.m; sourceTree = "<group>"; };
		40FE367E136DD0580029BBB6 /* CJSONScanner.h */ = {isa = PBXFileReference; name = CJSONScanner.h; path = libs/TouchJSON/JSON/CJSONScanner.h; sourceTree = "<group>"; };
		40FE367F136DD0590029BBB6 /* CJSONScanner.m */ = {isa = PBXFileReference; lastKnownFileType = sourcecode.c.objc; name = CJSONScanner.m; path = libs/TouchJSON/JSON/CJSONScanner.m; sourceTree = "<group>"; };
		40FE3681136DD0590029BBB6 /* CJSONSerializer.h */ = {isa = PBXFileReference; name = CJSONSerializer.h; path = libs/TouchJSON/JSON/CJSONSerializer.h; sourceTree = "<group>"; };
		40FE3682136DD0590029BBB6 /* CJSONSerializer.m */ = {isa = PBXFileReference; lastKnownFileType = sourcecode.c.objc; name = CJSONSerializer.m; path = libs/TouchJSON/JSON/CJSONSerializer.m; sourceTree = "<group>"; };
		40FE3684136DD0590029BBB6 /* JSONRepresentation.h */ = {isa = PBXFileReference; name = JSONRepresentation.h; path = libs/TouchJSON/JSON/JSONRepresentation.h; sourceTree = "<group>"; };
		40FE3686136DD0590029BBB6 /* FontLabel.h */ = {isa = PBXFileReference; name = FontLabel.h; path = libs/FontLabel/FontLabel.h; sourceTree = "<group>"; };
		40FE3687136DD0590029BBB6 /* FontLabel.m */ = {isa = PBXFileReference; lastKnownFileType = sourcecode.c.objc; name = FontLabel.m; path = libs/FontLabel/FontLabel.m; sourceTree = "<group>"; };
		40FE3689136DD0590029BBB6 /* FontLabelStringDrawing.h */ = {isa = PBXFileReference; name = FontLabelStringDrawing.h; path = libs/FontLabel/FontLabelStringDrawing.h; sourceTree = "<group>"; };
		40FE368A136DD0590029BBB6 /* FontLabelStringDrawing.m */ = {isa = PBXFileReference; lastKnownFileType = sourcecode.c.objc; name = FontLabelStringDrawing.m; path = libs/FontLabel/FontLabelStringDrawing.m; sourceTree = "<group>"; };
		40FE368C136DD0590029BBB6 /* FontManager.h */ = {isa = PBXFileReference; name = FontManager.h; path = libs/FontLabel/FontManager.h; sourceTree = "<group>"; };
		40FE368D136DD0590029BBB6 /* FontManager.m */ = {isa = PBXFileReference; lastKnownFileType = sourcecode.c.objc; name = FontManager.m; path = libs/FontLabel/FontManager.m; sourceTree = "<group>"; };
		40FE368F136DD0590029BBB6 /* ZAttributedString.h */ = {isa = PBXFileReference; name = ZAttributedString.h; path = libs/FontLabel/ZAttributedString.h; sourceTree = "<group>"; };
		40FE3690136DD0590029BBB6 /* ZAttributedString.m */ = {isa = PBXFileReference; lastKnownFileType = sourcecode.c.objc; name = ZAttributedString.m; path = libs/FontLabel/ZAttributedString.m; sourceTree = "<group>"; };
		40FE3692136DD0590029BBB6 /* ZAttributedStringPrivate.h */ = {isa = PBXFileReference; name = ZAttributedStringPrivate.h; path = libs/FontLabel/ZAttributedStringPrivate.h; sourceTree = "<group>"; };
		40FE3693136DD0590029BBB6 /* ZFont.h */ = {isa = PBXFileReference; name = ZFont.h; path = libs/FontLabel/ZFont.h; sourceTree = "<group>"; };
		40FE3694136DD0590029BBB6 /* ZFont.m */ = {isa = PBXFileReference; lastKnownFileType = sourcecode.c.objc; name = ZFont.m; path = libs/FontLabel/ZFont.m; sourceTree = "<group>"; };
		40FE3696136DD0590029BBB6 /* LICENSE_FontLabel.txt */ = {isa = PBXFileReference; name = LICENSE_FontLabel.txt; path = libs/LICENSE_FontLabel.txt; sourceTree = "<group>"; };
		40FE3698136DD0590029BBB6 /* Prefix.pch */ = {isa = PBXFileReference; path = Prefix.pch; sourceTree = "<group>"; };
		40FE3699136DD0590029BBB6 /* main.m */ = {isa = PBXFileReference; lastKnownFileType = sourcecode.c.objc; path = main.m; sourceTree = "<group>"; };
		40FE369B136DD0590029BBB6 /* AppDelegate.h */ = {isa = PBXFileReference; path = AppDelegate.h; sourceTree = "<group>"; };
		40FE369C136DD0590029BBB6 /* AppDelegate.m */ = {isa = PBXFileReference; lastKnownFileType = sourcecode.c.objc; path = AppDelegate.m; sourceTree = "<group>"; };
		40FE369E136DD0590029BBB6 /* RootViewController.h */ = {isa = PBXFileReference; path = RootViewController.h; sourceTree = "<group>"; };
		40FE369F136DD0590029BBB6 /* RootViewController.m */ = {isa = PBXFileReference; lastKnownFileType = sourcecode.c.objc; path = RootViewController.m; sourceTree = "<group>"; };
		40FE36A1136DD0590029BBB6 /* HelloWorldLayer.h */ = {isa = PBXFileReference; path = HelloWorldLayer.h; sourceTree = "<group>"; };
		40FE36A2136DD0590029BBB6 /* HelloWorldLayer.m */ = {isa = PBXFileReference; lastKnownFileType = sourcecode.c.objc; path = HelloWorldLayer.m; sourceTree = "<group>"; };
		40FE36A4136DD0590029BBB6 /* GameConfig.h */ = {isa = PBXFileReference; path = GameConfig.h; sourceTree = "<group>"; };
/* End PBXFileReference section */

/* Begin PBXFrameworksBuildPhase section */
		40FE3539136DD0560029BBB6 /* Frameworks */ = {
			isa = PBXFrameworksBuildPhase;
			buildActionMask = 2147483647;
			files = (
				40FE3541136DD0560029BBB6 /* QuartzCore.framework in Frameworks */,
				40FE3543136DD0560029BBB6 /* OpenGLES.framework in Frameworks */,
				40FE3545136DD0560029BBB6 /* OpenAL.framework in Frameworks */,
				40FE3547136DD0560029BBB6 /* AudioToolbox.framework in Frameworks */,
				40FE3549136DD0560029BBB6 /* AVFoundation.framework in Frameworks */,
				40FE354B136DD0560029BBB6 /* UIKit.framework in Frameworks */,
				40FE354D136DD0560029BBB6 /* Foundation.framework in Frameworks */,
				40FE354F136DD0560029BBB6 /* CoreGraphics.framework in Frameworks */,
			);
			runOnlyForDeploymentPostprocessing = 0;
		};
/* End PBXFrameworksBuildPhase section */

/* Begin PBXGroup section */
		40FE3531136DD0560029BBB6 = {
			isa = PBXGroup;
			children = (
				40FE3550136DD0560029BBB6 /* LD20 */,
				40FE353F136DD0560029BBB6 /* Frameworks */,
				40FE353D136DD0560029BBB6 /* Products */,
			);
			sourceTree = "<group>";
		};
		40FE353D136DD0560029BBB6 /* Products */ = {
			isa = PBXGroup;
			children = (
				40FE353C136DD0560029BBB6 /* LD20.app */,
			);
			name = Products;
			sourceTree = "<group>";
		};
		40FE353F136DD0560029BBB6 /* Frameworks */ = {
			isa = PBXGroup;
			children = (
				40FE3540136DD0560029BBB6 /* QuartzCore.framework */,
				40FE3542136DD0560029BBB6 /* OpenGLES.framework */,
				40FE3544136DD0560029BBB6 /* OpenAL.framework */,
				40FE3546136DD0560029BBB6 /* AudioToolbox.framework */,
				40FE3548136DD0560029BBB6 /* AVFoundation.framework */,
				40FE354A136DD0560029BBB6 /* UIKit.framework */,
				40FE354C136DD0560029BBB6 /* Foundation.framework */,
				40FE354E136DD0560029BBB6 /* CoreGraphics.framework */,
			);
			name = Frameworks;
			sourceTree = "<group>";
		};
		40FE3550136DD0560029BBB6 /* LD20 */ = {
			isa = PBXGroup;
			children = (
				40FE3656136DD0580029BBB6 /* LICENSE_cocos2d.txt */,
				40FE3665136DD0580029BBB6 /* LICENSE_CocosDenshion.txt */,
				40FE3670136DD0580029BBB6 /* LICENSE_TouchJSON.txt */,
				40FE3696136DD0590029BBB6 /* LICENSE_FontLabel.txt */,
				40FE369B136DD0590029BBB6 /* AppDelegate.h */,
				40FE369C136DD0590029BBB6 /* AppDelegate.m */,
				40FE369E136DD0590029BBB6 /* RootViewController.h */,
				40FE369F136DD0590029BBB6 /* RootViewController.m */,
				40FE36A1136DD0590029BBB6 /* HelloWorldLayer.h */,
				40FE36A2136DD0590029BBB6 /* HelloWorldLayer.m */,
				40FE36A4136DD0590029BBB6 /* GameConfig.h */,
				40FE3551136DD0560029BBB6 /* Resources */,
				40FE3565136DD0560029BBB6 /* cocos2d */,
				40FE3657136DD0580029BBB6 /* CocosDenshion */,
				40FE3666136DD0580029BBB6 /* cocoslive */,
				40FE3671136DD0580029BBB6 /* TouchJSON */,
				40FE3685136DD0590029BBB6 /* FontLabel */,
				40FE3697136DD0590029BBB6 /* Supporting Files */,
			);
			path = LD20;
			sourceTree = "<group>";
		};
		40FE3551136DD0560029BBB6 /* Resources */ = {
			isa = PBXGroup;
			children = (
				40FE3552136DD0560029BBB6 /* Default.png */,
				40FE3554136DD0560029BBB6 /* fps_images.png */,
				40FE3556136DD0560029BBB6 /* Icon-72.png */,
				40FE3558136DD0560029BBB6 /* Icon-Small-50.png */,
				40FE355A136DD0560029BBB6 /* Icon-Small.png */,
				40FE355C136DD0560029BBB6 /* Icon-Small@2x.png */,
				40FE355E136DD0560029BBB6 /* Icon.png */,
				40FE3560136DD0560029BBB6 /* Icon@2x.png */,
				40FE3562136DD0560029BBB6 /* Info.plist */,
				40FE3563136DD0560029BBB6 /* iTunesArtwork */,
			);
			name = Resources;
			sourceTree = "<group>";
		};
		40FE3565136DD0560029BBB6 /* cocos2d */ = {
			isa = PBXGroup;
			children = (
				40FE3566136DD0560029BBB6 /* CCAction.h */,
				40FE3567136DD0560029BBB6 /* CCAction.m */,
				40FE3569136DD0560029BBB6 /* CCActionCamera.h */,
				40FE356A136DD0560029BBB6 /* CCActionCamera.m */,
				40FE356C136DD0560029BBB6 /* CCActionEase.h */,
				40FE356D136DD0560029BBB6 /* CCActionEase.m */,
				40FE356F136DD0560029BBB6 /* CCActionGrid.h */,
				40FE3570136DD0560029BBB6 /* CCActionGrid.m */,
				40FE3572136DD0560029BBB6 /* CCActionGrid3D.h */,
				40FE3573136DD0560029BBB6 /* CCActionGrid3D.m */,
				40FE3575136DD0560029BBB6 /* CCActionInstant.h */,
				40FE3576136DD0560029BBB6 /* CCActionInstant.m */,
				40FE3578136DD0570029BBB6 /* CCActionInterval.h */,
				40FE3579136DD0570029BBB6 /* CCActionInterval.m */,
				40FE357B136DD0570029BBB6 /* CCActionManager.h */,
				40FE357C136DD0570029BBB6 /* CCActionManager.m */,
				40FE357E136DD0570029BBB6 /* CCActionPageTurn3D.h */,
				40FE357F136DD0570029BBB6 /* CCActionPageTurn3D.m */,
				40FE3581136DD0570029BBB6 /* CCActionProgressTimer.h */,
				40FE3582136DD0570029BBB6 /* CCActionProgressTimer.m */,
				40FE3584136DD0570029BBB6 /* CCActionTiledGrid.h */,
				40FE3585136DD0570029BBB6 /* CCActionTiledGrid.m */,
				40FE3587136DD0570029BBB6 /* CCActionTween.h */,
				40FE3588136DD0570029BBB6 /* CCActionTween.m */,
				40FE358A136DD0570029BBB6 /* CCAnimation.h */,
				40FE358B136DD0570029BBB6 /* CCAnimation.m */,
				40FE358D136DD0570029BBB6 /* CCAnimationCache.h */,
				40FE358E136DD0570029BBB6 /* CCAnimationCache.m */,
				40FE3590136DD0570029BBB6 /* CCAtlasNode.h */,
				40FE3591136DD0570029BBB6 /* CCAtlasNode.m */,
				40FE3593136DD0570029BBB6 /* CCBlockSupport.h */,
				40FE3594136DD0570029BBB6 /* CCBlockSupport.m */,
				40FE3596136DD0570029BBB6 /* CCCamera.h */,
				40FE3597136DD0570029BBB6 /* CCCamera.m */,
				40FE3599136DD0570029BBB6 /* ccConfig.h */,
				40FE359A136DD0570029BBB6 /* CCConfiguration.h */,
				40FE359B136DD0570029BBB6 /* CCConfiguration.m */,
				40FE359D136DD0570029BBB6 /* CCDirector.h */,
				40FE359E136DD0570029BBB6 /* CCDirector.m */,
				40FE35A0136DD0570029BBB6 /* CCDrawingPrimitives.h */,
				40FE35A1136DD0570029BBB6 /* CCDrawingPrimitives.m */,
				40FE35A3136DD0570029BBB6 /* CCGrabber.h */,
				40FE35A4136DD0570029BBB6 /* CCGrabber.m */,
				40FE35A6136DD0570029BBB6 /* CCGrid.h */,
				40FE35A7136DD0570029BBB6 /* CCGrid.m */,
				40FE35A9136DD0570029BBB6 /* CCLabelAtlas.h */,
				40FE35AA136DD0570029BBB6 /* CCLabelAtlas.m */,
				40FE35AC136DD0570029BBB6 /* CCLabelBMFont.h */,
				40FE35AD136DD0570029BBB6 /* CCLabelBMFont.m */,
				40FE35AF136DD0570029BBB6 /* CCLabelTTF.h */,
				40FE35B0136DD0570029BBB6 /* CCLabelTTF.m */,
				40FE35B2136DD0570029BBB6 /* CCLayer.h */,
				40FE35B3136DD0570029BBB6 /* CCLayer.m */,
				40FE35B5136DD0570029BBB6 /* ccMacros.h */,
				40FE35B6136DD0570029BBB6 /* CCMenu.h */,
				40FE35B7136DD0570029BBB6 /* CCMenu.m */,
				40FE35B9136DD0570029BBB6 /* CCMenuItem.h */,
				40FE35BA136DD0570029BBB6 /* CCMenuItem.m */,
				40FE35BC136DD0570029BBB6 /* CCMotionStreak.h */,
				40FE35BD136DD0570029BBB6 /* CCMotionStreak.m */,
				40FE35BF136DD0570029BBB6 /* CCNode.h */,
				40FE35C0136DD0570029BBB6 /* CCNode.m */,
				40FE35C2136DD0570029BBB6 /* CCParallaxNode.h */,
				40FE35C3136DD0570029BBB6 /* CCParallaxNode.m */,
				40FE35C5136DD0570029BBB6 /* CCParticleExamples.h */,
				40FE35C6136DD0570029BBB6 /* CCParticleExamples.m */,
				40FE35C8136DD0570029BBB6 /* CCParticleSystem.h */,
				40FE35C9136DD0570029BBB6 /* CCParticleSystem.m */,
				40FE35CB136DD0570029BBB6 /* CCParticleSystemPoint.h */,
				40FE35CC136DD0570029BBB6 /* CCParticleSystemPoint.m */,
				40FE35CE136DD0570029BBB6 /* CCParticleSystemQuad.h */,
				40FE35CF136DD0570029BBB6 /* CCParticleSystemQuad.m */,
				40FE35D1136DD0570029BBB6 /* CCProgressTimer.h */,
				40FE35D2136DD0570029BBB6 /* CCProgressTimer.m */,
				40FE35D4136DD0570029BBB6 /* CCProtocols.h */,
				40FE35D5136DD0570029BBB6 /* CCRenderTexture.h */,
				40FE35D6136DD0570029BBB6 /* CCRenderTexture.m */,
				40FE35D8136DD0570029BBB6 /* CCRibbon.h */,
				40FE35D9136DD0570029BBB6 /* CCRibbon.m */,
				40FE35DB136DD0570029BBB6 /* CCScene.h */,
				40FE35DC136DD0570029BBB6 /* CCScene.m */,
				40FE35DE136DD0570029BBB6 /* CCScheduler.h */,
				40FE35DF136DD0570029BBB6 /* CCScheduler.m */,
				40FE35E1136DD0570029BBB6 /* CCSprite.h */,
				40FE35E2136DD0570029BBB6 /* CCSprite.m */,
				40FE35E4136DD0570029BBB6 /* CCSpriteBatchNode.h */,
				40FE35E5136DD0570029BBB6 /* CCSpriteBatchNode.m */,
				40FE35E7136DD0570029BBB6 /* CCSpriteFrame.h */,
				40FE35E8136DD0570029BBB6 /* CCSpriteFrame.m */,
				40FE35EA136DD0570029BBB6 /* CCSpriteFrameCache.h */,
				40FE35EB136DD0570029BBB6 /* CCSpriteFrameCache.m */,
				40FE35ED136DD0570029BBB6 /* CCTexture2D.h */,
				40FE35EE136DD0570029BBB6 /* CCTexture2D.m */,
				40FE35F0136DD0570029BBB6 /* CCTextureAtlas.h */,
				40FE35F1136DD0570029BBB6 /* CCTextureAtlas.m */,
				40FE35F3136DD0570029BBB6 /* CCTextureCache.h */,
				40FE35F4136DD0570029BBB6 /* CCTextureCache.m */,
				40FE35F6136DD0580029BBB6 /* CCTexturePVR.h */,
				40FE35F7136DD0580029BBB6 /* CCTexturePVR.m */,
				40FE35F9136DD0580029BBB6 /* CCTileMapAtlas.h */,
				40FE35FA136DD0580029BBB6 /* CCTileMapAtlas.m */,
				40FE35FC136DD0580029BBB6 /* CCTMXLayer.h */,
				40FE35FD136DD0580029BBB6 /* CCTMXLayer.m */,
				40FE35FF136DD0580029BBB6 /* CCTMXObjectGroup.h */,
				40FE3600136DD0580029BBB6 /* CCTMXObjectGroup.m */,
				40FE3602136DD0580029BBB6 /* CCTMXTiledMap.h */,
				40FE3603136DD0580029BBB6 /* CCTMXTiledMap.m */,
				40FE3605136DD0580029BBB6 /* CCTMXXMLParser.h */,
				40FE3606136DD0580029BBB6 /* CCTMXXMLParser.m */,
				40FE3608136DD0580029BBB6 /* CCTransition.h */,
				40FE3609136DD0580029BBB6 /* CCTransition.m */,
				40FE360B136DD0580029BBB6 /* CCTransitionPageTurn.h */,
				40FE360C136DD0580029BBB6 /* CCTransitionPageTurn.m */,
				40FE360E136DD0580029BBB6 /* CCTransitionRadial.h */,
				40FE360F136DD0580029BBB6 /* CCTransitionRadial.m */,
				40FE3611136DD0580029BBB6 /* ccTypes.h */,
				40FE3612136DD0580029BBB6 /* cocos2d.h */,
				40FE3613136DD0580029BBB6 /* cocos2d.m */,
				40FE3615136DD0580029BBB6 /* CCGL.h */,
				40FE3616136DD0580029BBB6 /* CCNS.h */,
				40FE3617136DD0580029BBB6 /* CCDirectorIOS.h */,
				40FE3618136DD0580029BBB6 /* CCDirectorIOS.m */,
				40FE361A136DD0580029BBB6 /* CCTouchDelegateProtocol.h */,
				40FE361B136DD0580029BBB6 /* CCTouchDispatcher.h */,
				40FE361C136DD0580029BBB6 /* CCTouchDispatcher.m */,
				40FE361E136DD0580029BBB6 /* CCTouchHandler.h */,
				40FE361F136DD0580029BBB6 /* CCTouchHandler.m */,
				40FE3621136DD0580029BBB6 /* EAGLView.h */,
				40FE3622136DD0580029BBB6 /* EAGLView.m */,
				40FE3624136DD0580029BBB6 /* ES1Renderer.h */,
				40FE3625136DD0580029BBB6 /* ES1Renderer.m */,
				40FE3627136DD0580029BBB6 /* ESRenderer.h */,
				40FE3628136DD0580029BBB6 /* glu.c */,
				40FE362A136DD0580029BBB6 /* glu.h */,
				40FE362B136DD0580029BBB6 /* CCDirectorMac.h */,
				40FE362C136DD0580029BBB6 /* CCDirectorMac.m */,
				40FE362E136DD0580029BBB6 /* CCEventDispatcher.h */,
				40FE362F136DD0580029BBB6 /* CCEventDispatcher.m */,
				40FE3631136DD0580029BBB6 /* MacGLView.h */,
				40FE3632136DD0580029BBB6 /* MacGLView.m */,
				40FE3634136DD0580029BBB6 /* MacWindow.h */,
				40FE3635136DD0580029BBB6 /* MacWindow.m */,
				40FE3637136DD0580029BBB6 /* base64.c */,
				40FE3639136DD0580029BBB6 /* base64.h */,
				40FE363A136DD0580029BBB6 /* CCArray.h */,
				40FE363B136DD0580029BBB6 /* CCArray.m */,
				40FE363D136DD0580029BBB6 /* ccCArray.h */,
				40FE363E136DD0580029BBB6 /* CCFileUtils.h */,
				40FE363F136DD0580029BBB6 /* CCFileUtils.m */,
				40FE3641136DD0580029BBB6 /* CCProfiling.h */,
				40FE3642136DD0580029BBB6 /* CCProfiling.m */,
				40FE3644136DD0580029BBB6 /* ccUtils.c */,
				40FE3646136DD0580029BBB6 /* ccUtils.h */,
				40FE3647136DD0580029BBB6 /* CGPointExtension.h */,
				40FE3648136DD0580029BBB6 /* CGPointExtension.m */,
				40FE364A136DD0580029BBB6 /* OpenGL_Internal.h */,
				40FE364B136DD0580029BBB6 /* TGAlib.h */,
				40FE364C136DD0580029BBB6 /* TGAlib.m */,
				40FE364E136DD0580029BBB6 /* TransformUtils.h */,
				40FE364F136DD0580029BBB6 /* TransformUtils.m */,
				40FE3651136DD0580029BBB6 /* uthash.h */,
				40FE3652136DD0580029BBB6 /* utlist.h */,
				40FE3653136DD0580029BBB6 /* ZipUtils.h */,
				40FE3654136DD0580029BBB6 /* ZipUtils.m */,
			);
			name = cocos2d;
			sourceTree = "<group>";
		};
		40FE3657136DD0580029BBB6 /* CocosDenshion */ = {
			isa = PBXGroup;
			children = (
				40FE3658136DD0580029BBB6 /* CDAudioManager.h */,
				40FE3659136DD0580029BBB6 /* CDAudioManager.m */,
				40FE365B136DD0580029BBB6 /* CDConfig.h */,
				40FE365C136DD0580029BBB6 /* CDOpenALSupport.h */,
				40FE365D136DD0580029BBB6 /* CDOpenALSupport.m */,
				40FE365F136DD0580029BBB6 /* CocosDenshion.h */,
				40FE3660136DD0580029BBB6 /* CocosDenshion.m */,
				40FE3662136DD0580029BBB6 /* SimpleAudioEngine.h */,
				40FE3663136DD0580029BBB6 /* SimpleAudioEngine.m */,
			);
			name = CocosDenshion;
			sourceTree = "<group>";
		};
		40FE3666136DD0580029BBB6 /* cocoslive */ = {
			isa = PBXGroup;
			children = (
				40FE3667136DD0580029BBB6 /* CLScoreServerPost.h */,
				40FE3668136DD0580029BBB6 /* CLScoreServerPost.m */,
				40FE366A136DD0580029BBB6 /* CLScoreServerRequest.h */,
				40FE366B136DD0580029BBB6 /* CLScoreServerRequest.m */,
				40FE366D136DD0580029BBB6 /* cocoslive.h */,
				40FE366E136DD0580029BBB6 /* cocoslive.m */,
			);
			name = cocoslive;
			sourceTree = "<group>";
		};
		40FE3671136DD0580029BBB6 /* TouchJSON */ = {
			isa = PBXGroup;
			children = (
				40FE3672136DD0580029BBB6 /* CDataScanner.h */,
				40FE3673136DD0580029BBB6 /* CDataScanner.m */,
				40FE3675136DD0580029BBB6 /* CDataScanner_Extensions.h */,
				40FE3676136DD0580029BBB6 /* CDataScanner_Extensions.m */,
				40FE3678136DD0580029BBB6 /* NSDictionary_JSONExtensions.h */,
				40FE3679136DD0580029BBB6 /* NSDictionary_JSONExtensions.m */,
				40FE367B136DD0580029BBB6 /* CJSONDeserializer.h */,
				40FE367C136DD0580029BBB6 /* CJSONDeserializer.m */,
				40FE367E136DD0580029BBB6 /* CJSONScanner.h */,
				40FE367F136DD0590029BBB6 /* CJSONScanner.m */,
				40FE3681136DD0590029BBB6 /* CJSONSerializer.h */,
				40FE3682136DD0590029BBB6 /* CJSONSerializer.m */,
				40FE3684136DD0590029BBB6 /* JSONRepresentation.h */,
			);
			name = TouchJSON;
			sourceTree = "<group>";
		};
		40FE3685136DD0590029BBB6 /* FontLabel */ = {
			isa = PBXGroup;
			children = (
				40FE3686136DD0590029BBB6 /* FontLabel.h */,
				40FE3687136DD0590029BBB6 /* FontLabel.m */,
				40FE3689136DD0590029BBB6 /* FontLabelStringDrawing.h */,
				40FE368A136DD0590029BBB6 /* FontLabelStringDrawing.m */,
				40FE368C136DD0590029BBB6 /* FontManager.h */,
				40FE368D136DD0590029BBB6 /* FontManager.m */,
				40FE368F136DD0590029BBB6 /* ZAttributedString.h */,
				40FE3690136DD0590029BBB6 /* ZAttributedString.m */,
				40FE3692136DD0590029BBB6 /* ZAttributedStringPrivate.h */,
				40FE3693136DD0590029BBB6 /* ZFont.h */,
				40FE3694136DD0590029BBB6 /* ZFont.m */,
			);
			name = FontLabel;
			sourceTree = "<group>";
		};
		40FE3697136DD0590029BBB6 /* Supporting Files */ = {
			isa = PBXGroup;
			children = (
				40FE3698136DD0590029BBB6 /* Prefix.pch */,
				40FE3699136DD0590029BBB6 /* main.m */,
			);
			name = "Supporting Files";
			sourceTree = "<group>";
		};
/* End PBXGroup section */

/* Begin PBXNativeTarget section */
		40FE353B136DD0560029BBB6 /* LD20 */ = {
			isa = PBXNativeTarget;
			buildConfigurationList = 40FE36A7136DD0590029BBB6 /* Build configuration list for PBXNativeTarget "LD20" */;
			buildPhases = (
				40FE3538136DD0560029BBB6 /* Sources */,
				40FE3539136DD0560029BBB6 /* Frameworks */,
				40FE353A136DD0560029BBB6 /* Resources */,
			);
			buildRules = (
			);
			dependencies = (
			);
			name = LD20;
			productName = LD20;
			productReference = 40FE353C136DD0560029BBB6 /* LD20.app */;
			productType = "com.apple.product-type.application";
		};
/* End PBXNativeTarget section */

/* Begin PBXProject section */
		40FE3533136DD0560029BBB6 /* Project object */ = {
			isa = PBXProject;
			buildConfigurationList = 40FE3536136DD0560029BBB6 /* Build configuration list for PBXProject "LD20" */;
			compatibilityVersion = "Xcode 3.2";
			developmentRegion = English;
			hasScannedForEncodings = 0;
			knownRegions = (
				en,
			);
			mainGroup = 40FE3531136DD0560029BBB6;
			productRefGroup = 40FE353D136DD0560029BBB6 /* Products */;
			projectDirPath = "";
			projectRoot = "";
			targets = (
				40FE353B136DD0560029BBB6 /* LD20 */,
			);
		};
/* End PBXProject section */

/* Begin PBXResourcesBuildPhase section */
		40FE353A136DD0560029BBB6 /* Resources */ = {
			isa = PBXResourcesBuildPhase;
			buildActionMask = 2147483647;
			files = (
				40FE3553136DD0560029BBB6 /* Default.png in Resources */,
				40FE3555136DD0560029BBB6 /* fps_images.png in Resources */,
				40FE3557136DD0560029BBB6 /* Icon-72.png in Resources */,
				40FE3559136DD0560029BBB6 /* Icon-Small-50.png in Resources */,
				40FE355B136DD0560029BBB6 /* Icon-Small.png in Resources */,
				40FE355D136DD0560029BBB6 /* Icon-Small@2x.png in Resources */,
				40FE355F136DD0560029BBB6 /* Icon.png in Resources */,
				40FE3561136DD0560029BBB6 /* Icon@2x.png in Resources */,
				40FE3564136DD0560029BBB6 /* iTunesArtwork in Resources */,
			);
			runOnlyForDeploymentPostprocessing = 0;
		};
/* End PBXResourcesBuildPhase section */

/* Begin PBXSourcesBuildPhase section */
		40FE3538136DD0560029BBB6 /* Sources */ = {
			isa = PBXSourcesBuildPhase;
			buildActionMask = 2147483647;
			files = (
				40FE3568136DD0560029BBB6 /* CCAction.m in Sources */,
				40FE356B136DD0560029BBB6 /* CCActionCamera.m in Sources */,
				40FE356E136DD0560029BBB6 /* CCActionEase.m in Sources */,
				40FE3571136DD0560029BBB6 /* CCActionGrid.m in Sources */,
				40FE3574136DD0560029BBB6 /* CCActionGrid3D.m in Sources */,
				40FE3577136DD0560029BBB6 /* CCActionInstant.m in Sources */,
				40FE357A136DD0570029BBB6 /* CCActionInterval.m in Sources */,
				40FE357D136DD0570029BBB6 /* CCActionManager.m in Sources */,
				40FE3580136DD0570029BBB6 /* CCActionPageTurn3D.m in Sources */,
				40FE3583136DD0570029BBB6 /* CCActionProgressTimer.m in Sources */,
				40FE3586136DD0570029BBB6 /* CCActionTiledGrid.m in Sources */,
				40FE3589136DD0570029BBB6 /* CCActionTween.m in Sources */,
				40FE358C136DD0570029BBB6 /* CCAnimation.m in Sources */,
				40FE358F136DD0570029BBB6 /* CCAnimationCache.m in Sources */,
				40FE3592136DD0570029BBB6 /* CCAtlasNode.m in Sources */,
				40FE3595136DD0570029BBB6 /* CCBlockSupport.m in Sources */,
				40FE3598136DD0570029BBB6 /* CCCamera.m in Sources */,
				40FE359C136DD0570029BBB6 /* CCConfiguration.m in Sources */,
				40FE359F136DD0570029BBB6 /* CCDirector.m in Sources */,
				40FE35A2136DD0570029BBB6 /* CCDrawingPrimitives.m in Sources */,
				40FE35A5136DD0570029BBB6 /* CCGrabber.m in Sources */,
				40FE35A8136DD0570029BBB6 /* CCGrid.m in Sources */,
				40FE35AB136DD0570029BBB6 /* CCLabelAtlas.m in Sources */,
				40FE35AE136DD0570029BBB6 /* CCLabelBMFont.m in Sources */,
				40FE35B1136DD0570029BBB6 /* CCLabelTTF.m in Sources */,
				40FE35B4136DD0570029BBB6 /* CCLayer.m in Sources */,
				40FE35B8136DD0570029BBB6 /* CCMenu.m in Sources */,
				40FE35BB136DD0570029BBB6 /* CCMenuItem.m in Sources */,
				40FE35BE136DD0570029BBB6 /* CCMotionStreak.m in Sources */,
				40FE35C1136DD0570029BBB6 /* CCNode.m in Sources */,
				40FE35C4136DD0570029BBB6 /* CCParallaxNode.m in Sources */,
				40FE35C7136DD0570029BBB6 /* CCParticleExamples.m in Sources */,
				40FE35CA136DD0570029BBB6 /* CCParticleSystem.m in Sources */,
				40FE35CD136DD0570029BBB6 /* CCParticleSystemPoint.m in Sources */,
				40FE35D0136DD0570029BBB6 /* CCParticleSystemQuad.m in Sources */,
				40FE35D3136DD0570029BBB6 /* CCProgressTimer.m in Sources */,
				40FE35D7136DD0570029BBB6 /* CCRenderTexture.m in Sources */,
				40FE35DA136DD0570029BBB6 /* CCRibbon.m in Sources */,
				40FE35DD136DD0570029BBB6 /* CCScene.m in Sources */,
				40FE35E0136DD0570029BBB6 /* CCScheduler.m in Sources */,
				40FE35E3136DD0570029BBB6 /* CCSprite.m in Sources */,
				40FE35E6136DD0570029BBB6 /* CCSpriteBatchNode.m in Sources */,
				40FE35E9136DD0570029BBB6 /* CCSpriteFrame.m in Sources */,
				40FE35EC136DD0570029BBB6 /* CCSpriteFrameCache.m in Sources */,
				40FE35EF136DD0570029BBB6 /* CCTexture2D.m in Sources */,
				40FE35F2136DD0570029BBB6 /* CCTextureAtlas.m in Sources */,
				40FE35F5136DD0570029BBB6 /* CCTextureCache.m in Sources */,
				40FE35F8136DD0580029BBB6 /* CCTexturePVR.m in Sources */,
				40FE35FB136DD0580029BBB6 /* CCTileMapAtlas.m in Sources */,
				40FE35FE136DD0580029BBB6 /* CCTMXLayer.m in Sources */,
				40FE3601136DD0580029BBB6 /* CCTMXObjectGroup.m in Sources */,
				40FE3604136DD0580029BBB6 /* CCTMXTiledMap.m in Sources */,
				40FE3607136DD0580029BBB6 /* CCTMXXMLParser.m in Sources */,
				40FE360A136DD0580029BBB6 /* CCTransition.m in Sources */,
				40FE360D136DD0580029BBB6 /* CCTransitionPageTurn.m in Sources */,
				40FE3610136DD0580029BBB6 /* CCTransitionRadial.m in Sources */,
				40FE3614136DD0580029BBB6 /* cocos2d.m in Sources */,
				40FE3619136DD0580029BBB6 /* CCDirectorIOS.m in Sources */,
				40FE361D136DD0580029BBB6 /* CCTouchDispatcher.m in Sources */,
				40FE3620136DD0580029BBB6 /* CCTouchHandler.m in Sources */,
				40FE3623136DD0580029BBB6 /* EAGLView.m in Sources */,
				40FE3626136DD0580029BBB6 /* ES1Renderer.m in Sources */,
				40FE3629136DD0580029BBB6 /* glu.c in Sources */,
				40FE362D136DD0580029BBB6 /* CCDirectorMac.m in Sources */,
				40FE3630136DD0580029BBB6 /* CCEventDispatcher.m in Sources */,
				40FE3633136DD0580029BBB6 /* MacGLView.m in Sources */,
				40FE3636136DD0580029BBB6 /* MacWindow.m in Sources */,
				40FE3638136DD0580029BBB6 /* base64.c in Sources */,
				40FE363C136DD0580029BBB6 /* CCArray.m in Sources */,
				40FE3640136DD0580029BBB6 /* CCFileUtils.m in Sources */,
				40FE3643136DD0580029BBB6 /* CCProfiling.m in Sources */,
				40FE3645136DD0580029BBB6 /* ccUtils.c in Sources */,
				40FE3649136DD0580029BBB6 /* CGPointExtension.m in Sources */,
				40FE364D136DD0580029BBB6 /* TGAlib.m in Sources */,
				40FE3650136DD0580029BBB6 /* TransformUtils.m in Sources */,
				40FE3655136DD0580029BBB6 /* ZipUtils.m in Sources */,
				40FE365A136DD0580029BBB6 /* CDAudioManager.m in Sources */,
				40FE365E136DD0580029BBB6 /* CDOpenALSupport.m in Sources */,
				40FE3661136DD0580029BBB6 /* CocosDenshion.m in Sources */,
				40FE3664136DD0580029BBB6 /* SimpleAudioEngine.m in Sources */,
				40FE3669136DD0580029BBB6 /* CLScoreServerPost.m in Sources */,
				40FE366C136DD0580029BBB6 /* CLScoreServerRequest.m in Sources */,
				40FE366F136DD0580029BBB6 /* cocoslive.m in Sources */,
				40FE3674136DD0580029BBB6 /* CDataScanner.m in Sources */,
				40FE3677136DD0580029BBB6 /* CDataScanner_Extensions.m in Sources */,
				40FE367A136DD0580029BBB6 /* NSDictionary_JSONExtensions.m in Sources */,
				40FE367D136DD0580029BBB6 /* CJSONDeserializer.m in Sources */,
				40FE3680136DD0590029BBB6 /* CJSONScanner.m in Sources */,
				40FE3683136DD0590029BBB6 /* CJSONSerializer.m in Sources */,
				40FE3688136DD0590029BBB6 /* FontLabel.m in Sources */,
				40FE368B136DD0590029BBB6 /* FontLabelStringDrawing.m in Sources */,
				40FE368E136DD0590029BBB6 /* FontManager.m in Sources */,
				40FE3691136DD0590029BBB6 /* ZAttributedString.m in Sources */,
				40FE3695136DD0590029BBB6 /* ZFont.m in Sources */,
				40FE369A136DD0590029BBB6 /* main.m in Sources */,
				40FE369D136DD0590029BBB6 /* AppDelegate.m in Sources */,
				40FE36A0136DD0590029BBB6 /* RootViewController.m in Sources */,
				40FE36A3136DD0590029BBB6 /* HelloWorldLayer.m in Sources */,
			);
			runOnlyForDeploymentPostprocessing = 0;
		};
/* End PBXSourcesBuildPhase section */

/* Begin XCBuildConfiguration section */
		40FE36A5136DD0590029BBB6 /* Debug */ = {
			isa = XCBuildConfiguration;
			buildSettings = {
				ARCHS = "$(ARCHS_STANDARD_32_BIT)";
				"CODE_SIGN_IDENTITY[sdk=iphoneos*]" = "iPhone Developer";
				GCC_C_LANGUAGE_STANDARD = gnu99;
				GCC_OPTIMIZATION_LEVEL = 0;
				GCC_PREPROCESSOR_DEFINITIONS = (
					DEBUG,
					"COCOS2D_DEBUG=1",
				);
				GCC_SYMBOLS_PRIVATE_EXTERN = NO;
				GCC_VERSION = com.apple.compilers.llvmgcc42;
				GCC_WARN_ABOUT_RETURN_TYPE = YES;
				GCC_WARN_UNUSED_VARIABLE = YES;
				IPHONEOS_DEPLOYMENT_TARGET = 4.3;
				SDKROOT = iphoneos;
			};
			name = Debug;
		};
		40FE36A6136DD0590029BBB6 /* Release */ = {
			isa = XCBuildConfiguration;
			buildSettings = {
				ARCHS = "$(ARCHS_STANDARD_32_BIT)";
				"CODE_SIGN_IDENTITY[sdk=iphoneos*]" = "iPhone Developer";
				GCC_C_LANGUAGE_STANDARD = gnu99;
				GCC_PREPROCESSOR_DEFINITIONS = NDEBUG;
				GCC_VERSION = com.apple.compilers.llvmgcc42;
				GCC_WARN_ABOUT_RETURN_TYPE = YES;
				GCC_WARN_UNUSED_VARIABLE = YES;
				IPHONEOS_DEPLOYMENT_TARGET = 4.3;
				OTHER_CFLAGS = "-DNS_BLOCK_ASSERTIONS=1";
				SDKROOT = iphoneos;
			};
			name = Release;
		};
		40FE36A8136DD0590029BBB6 /* Debug */ = {
			isa = XCBuildConfiguration;
			buildSettings = {
				ALWAYS_SEARCH_USER_PATHS = NO;
				COPY_PHASE_STRIP = NO;
				GCC_DYNAMIC_NO_PIC = NO;
				GCC_PRECOMPILE_PREFIX_HEADER = YES;
				GCC_PREFIX_HEADER = LD20/Prefix.pch;
				"GCC_THUMB_SUPPORT[arch=armv6]" = "";
				INFOPLIST_FILE = LD20/Resources/Info.plist;
				OTHER_LDFLAGS = "-lz";
				PRODUCT_NAME = "$(TARGET_NAME)";
				WRAPPER_EXTENSION = app;
			};
			name = Debug;
		};
		40FE36A9136DD0590029BBB6 /* Release */ = {
			isa = XCBuildConfiguration;
			buildSettings = {
				ALWAYS_SEARCH_USER_PATHS = NO;
				COPY_PHASE_STRIP = YES;
				GCC_PRECOMPILE_PREFIX_HEADER = YES;
				GCC_PREFIX_HEADER = LD20/Prefix.pch;
				"GCC_THUMB_SUPPORT[arch=armv6]" = "";
				INFOPLIST_FILE = LD20/Resources/Info.plist;
				OTHER_LDFLAGS = "-lz";
				PRODUCT_NAME = "$(TARGET_NAME)";
				VALIDATE_PRODUCT = YES;
				WRAPPER_EXTENSION = app;
			};
			name = Release;
		};
/* End XCBuildConfiguration section */

/* Begin XCConfigurationList section */
		40FE3536136DD0560029BBB6 /* Build configuration list for PBXProject "LD20" */ = {
			isa = XCConfigurationList;
			buildConfigurations = (
				40FE36A5136DD0590029BBB6 /* Debug */,
				40FE36A6136DD0590029BBB6 /* Release */,
			);
			defaultConfigurationIsVisible = 0;
			defaultConfigurationName = Release;
		};
		40FE36A7136DD0590029BBB6 /* Build configuration list for PBXNativeTarget "LD20" */ = {
			isa = XCConfigurationList;
			buildConfigurations = (
				40FE36A8136DD0590029BBB6 /* Debug */,
				40FE36A9136DD0590029BBB6 /* Release */,
			);
			defaultConfigurationIsVisible = 0;
		};
/* End XCConfigurationList section */
	};
	rootObject = 40FE3533136DD0560029BBB6 /* Project object */;
}
